// !$*UTF8*$!
{
	archiveVersion = 1;
	classes = {
	};
	objectVersion = 63;
	objects = {

/* Begin PBXBuildFile section */
		8042E08C2C331DD8001E8366 /* Localizable.xcstrings in Resources */ = {isa = PBXBuildFile; fileRef = 8042E08B2C331DD8001E8366 /* Localizable.xcstrings */; };
		80477DE22C12232C00E52AF8 /* Rules.swift in Sources */ = {isa = PBXBuildFile; fileRef = 80477DE12C12232C00E52AF8 /* Rules.swift */; };
		8047EA792C4565D600A04D28 /* ThirdPartyMailer.swift in Sources */ = {isa = PBXBuildFile; fileRef = 8047EA772C4565D600A04D28 /* ThirdPartyMailer.swift */; };
		8047EA7A2C4565D600A04D28 /* ThirdPartyMailClient.swift in Sources */ = {isa = PBXBuildFile; fileRef = 8047EA762C4565D600A04D28 /* ThirdPartyMailClient.swift */; };
		8047EA7B2C4565D600A04D28 /* README.md in Resources */ = {isa = PBXBuildFile; fileRef = 8047EA752C4565D600A04D28 /* README.md */; };
		8047F1092CA48A010061321E /* Login.swift in Sources */ = {isa = PBXBuildFile; fileRef = 8047F1082CA48A010061321E /* Login.swift */; };
		805459232C3989B30087A170 /* WrappingHStack in Frameworks */ = {isa = PBXBuildFile; productRef = 805459222C3989B30087A170 /* WrappingHStack */; };
		8054592C2C3991C60087A170 /* Shimmer in Frameworks */ = {isa = PBXBuildFile; productRef = 8054592B2C3991C60087A170 /* Shimmer */; };
		806890962BFE7F7300CEB8C7 /* HapticHelper.swift in Sources */ = {isa = PBXBuildFile; fileRef = 806890952BFE7F7300CEB8C7 /* HapticHelper.swift */; };
		806AE68F2C19EB9E00F3CA92 /* FeedKit in Frameworks */ = {isa = PBXBuildFile; productRef = 806AE68E2C19EB9E00F3CA92 /* FeedKit */; };
		8073C94F2C7881D000DE3640 /* SwiftHTMLtoMarkdown in Frameworks */ = {isa = PBXBuildFile; productRef = 8073C94E2C7881D000DE3640 /* SwiftHTMLtoMarkdown */; };
		807848612C7786B000194B1A /* AccountNotifications.swift in Sources */ = {isa = PBXBuildFile; fileRef = 807848602C7786B000194B1A /* AccountNotifications.swift */; };
		80813B732C0DF349009C4E6A /* FailedDeliveries.swift in Sources */ = {isa = PBXBuildFile; fileRef = 80813B722C0DF349009C4E6A /* FailedDeliveries.swift */; };
		80958FE92C4AE81F00833EB7 /* GsonTools.swift in Sources */ = {isa = PBXBuildFile; fileRef = 80958FE82C4AE81F00833EB7 /* GsonTools.swift */; };
		80958FEB2C4AE91200833EB7 /* CacheHelper.swift in Sources */ = {isa = PBXBuildFile; fileRef = 80958FEA2C4AE91200833EB7 /* CacheHelper.swift */; };
		809F87512C29E4C9002A89C0 /* AppState.swift in Sources */ = {isa = PBXBuildFile; fileRef = 809F87502C29E4C8002A89C0 /* AppState.swift */; };
		80A7F2002BECD122001A984B /* AliasSortFilter.swift in Sources */ = {isa = PBXBuildFile; fileRef = 80A7F1FF2BECD122001A984B /* AliasSortFilter.swift */; };
		80B2FBCF2C3C4EE8009977B6 /* AddyChartData.swift in Sources */ = {isa = PBXBuildFile; fileRef = 80B2FBCE2C3C4EE8009977B6 /* AddyChartData.swift */; };
		80B4F4B92BEA52EE0009E4CA /* Logs.swift in Sources */ = {isa = PBXBuildFile; fileRef = 80B4F4B82BEA52EE0009E4CA /* Logs.swift */; };
		80B4F4BC2BEA531A0009E4CA /* NetworkHelper.swift in Sources */ = {isa = PBXBuildFile; fileRef = 80B4F4BB2BEA531A0009E4CA /* NetworkHelper.swift */; };
		80B4F4BE2BEA53260009E4CA /* LoggingHelper.swift in Sources */ = {isa = PBXBuildFile; fileRef = 80B4F4BD2BEA53260009E4CA /* LoggingHelper.swift */; };
		80B4F4C12BEA534B0009E4CA /* KeychainSwift.swift in Sources */ = {isa = PBXBuildFile; fileRef = 80B4F4C02BEA534B0009E4CA /* KeychainSwift.swift */; };
		80B4F4C32BEA53530009E4CA /* SettingsManager.swift in Sources */ = {isa = PBXBuildFile; fileRef = 80B4F4C22BEA53530009E4CA /* SettingsManager.swift */; };
		80B4F4C52BEA55760009E4CA /* AddyIo.swift in Sources */ = {isa = PBXBuildFile; fileRef = 80B4F4C42BEA55760009E4CA /* AddyIo.swift */; };
		80B4F4CC2BEA58A20009E4CA /* SharedData.swift in Sources */ = {isa = PBXBuildFile; fileRef = 80B4F4CB2BEA58A20009E4CA /* SharedData.swift */; };
		80B4F4CE2BEA598A0009E4CA /* UserResource.swift in Sources */ = {isa = PBXBuildFile; fileRef = 80B4F4CD2BEA598A0009E4CA /* UserResource.swift */; };
		80B4F4D02BEA5BE60009E4CA /* UserAgent.swift in Sources */ = {isa = PBXBuildFile; fileRef = 80B4F4CF2BEA5BE60009E4CA /* UserAgent.swift */; };
		80B4F4D22BEA5DCE0009E4CA /* Version.swift in Sources */ = {isa = PBXBuildFile; fileRef = 80B4F4D12BEA5DCE0009E4CA /* Version.swift */; };
		80BB84152BF001AB005999C3 /* DateTimeUtils.swift in Sources */ = {isa = PBXBuildFile; fileRef = 80BB84142BF001AB005999C3 /* DateTimeUtils.swift */; };
		80E574C22C2C2B6A0036C5DB /* SharedNotificationHelper.swift in Sources */ = {isa = PBXBuildFile; fileRef = 80E574C12C2C2B6A0036C5DB /* SharedNotificationHelper.swift */; };
		80E849A62BEB93F900C8D68A /* Error.swift in Sources */ = {isa = PBXBuildFile; fileRef = 80E849A52BEB93F900C8D68A /* Error.swift */; };
		80E849B52BEBA9C900C8D68A /* Assets.xcassets in Resources */ = {isa = PBXBuildFile; fileRef = 80E849B42BEBA9C900C8D68A /* Assets.xcassets */; };
		80E84A312BEC11ED00C8D68A /* Aliases.swift in Sources */ = {isa = PBXBuildFile; fileRef = 80E84A302BEC11ED00C8D68A /* Aliases.swift */; };
		80E84A332BEC122900C8D68A /* Recipients.swift in Sources */ = {isa = PBXBuildFile; fileRef = 80E84A322BEC122900C8D68A /* Recipients.swift */; };
		80E9B2322C0B646400C7EF99 /* Usernames.swift in Sources */ = {isa = PBXBuildFile; fileRef = 80E9B2312C0B646400C7EF99 /* Usernames.swift */; };
		80ECA1042C1DCB5E00788D75 /* ApiTokenDetails.swift in Sources */ = {isa = PBXBuildFile; fileRef = 80ECA1032C1DCB5E00788D75 /* ApiTokenDetails.swift */; };
		80F3C6672BFB73AF0028A486 /* Domains.swift in Sources */ = {isa = PBXBuildFile; fileRef = 80F3C6662BFB73AF0028A486 /* Domains.swift */; };
/* End PBXBuildFile section */

/* Begin PBXCopyFilesBuildPhase section */
		807337E92BEA614E00D0D7E0 /* Embed Frameworks */ = {
			isa = PBXCopyFilesBuildPhase;
			buildActionMask = 2147483647;
			dstPath = "";
			dstSubfolderSpec = 10;
			files = (
			);
			name = "Embed Frameworks";
			runOnlyForDeploymentPostprocessing = 0;
		};
/* End PBXCopyFilesBuildPhase section */

/* Begin PBXFileReference section */
		8001D9F02BEA513500AAD10E /* addy_shared.framework */ = {isa = PBXFileReference; explicitFileType = wrapper.framework; includeInIndex = 0; path = addy_shared.framework; sourceTree = BUILT_PRODUCTS_DIR; };
		8042E08B2C331DD8001E8366 /* Localizable.xcstrings */ = {isa = PBXFileReference; lastKnownFileType = text.json.xcstrings; path = Localizable.xcstrings; sourceTree = "<group>"; };
		80477DE12C12232C00E52AF8 /* Rules.swift */ = {isa = PBXFileReference; lastKnownFileType = sourcecode.swift; path = Rules.swift; sourceTree = "<group>"; };
		8047EA752C4565D600A04D28 /* README.md */ = {isa = PBXFileReference; lastKnownFileType = net.daringfireball.markdown; path = README.md; sourceTree = "<group>"; };
		8047EA762C4565D600A04D28 /* ThirdPartyMailClient.swift */ = {isa = PBXFileReference; lastKnownFileType = sourcecode.swift; path = ThirdPartyMailClient.swift; sourceTree = "<group>"; };
		8047EA772C4565D600A04D28 /* ThirdPartyMailer.swift */ = {isa = PBXFileReference; lastKnownFileType = sourcecode.swift; path = ThirdPartyMailer.swift; sourceTree = "<group>"; };
		8047F1082CA48A010061321E /* Login.swift */ = {isa = PBXFileReference; lastKnownFileType = sourcecode.swift; path = Login.swift; sourceTree = "<group>"; };
		805F1FA42C3C041300469BCE /* addy-shared-Info.plist */ = {isa = PBXFileReference; lastKnownFileType = text.plist.xml; path = "addy-shared-Info.plist"; sourceTree = "<group>"; };
		806890952BFE7F7300CEB8C7 /* HapticHelper.swift */ = {isa = PBXFileReference; fileEncoding = 4; lastKnownFileType = sourcecode.swift; path = HapticHelper.swift; sourceTree = "<group>"; };
		807848602C7786B000194B1A /* AccountNotifications.swift */ = {isa = PBXFileReference; lastKnownFileType = sourcecode.swift; path = AccountNotifications.swift; sourceTree = "<group>"; };
		80813B722C0DF349009C4E6A /* FailedDeliveries.swift */ = {isa = PBXFileReference; lastKnownFileType = sourcecode.swift; path = FailedDeliveries.swift; sourceTree = "<group>"; };
		80958FE82C4AE81F00833EB7 /* GsonTools.swift */ = {isa = PBXFileReference; lastKnownFileType = sourcecode.swift; path = GsonTools.swift; sourceTree = "<group>"; };
		80958FEA2C4AE91200833EB7 /* CacheHelper.swift */ = {isa = PBXFileReference; lastKnownFileType = sourcecode.swift; path = CacheHelper.swift; sourceTree = "<group>"; };
		809F87502C29E4C8002A89C0 /* AppState.swift */ = {isa = PBXFileReference; lastKnownFileType = sourcecode.swift; path = AppState.swift; sourceTree = "<group>"; };
		80A7F1FF2BECD122001A984B /* AliasSortFilter.swift */ = {isa = PBXFileReference; lastKnownFileType = sourcecode.swift; path = AliasSortFilter.swift; sourceTree = "<group>"; };
		80B2FBCE2C3C4EE8009977B6 /* AddyChartData.swift */ = {isa = PBXFileReference; lastKnownFileType = sourcecode.swift; path = AddyChartData.swift; sourceTree = "<group>"; };
		80B4F4B82BEA52EE0009E4CA /* Logs.swift */ = {isa = PBXFileReference; lastKnownFileType = sourcecode.swift; path = Logs.swift; sourceTree = "<group>"; };
		80B4F4BB2BEA531A0009E4CA /* NetworkHelper.swift */ = {isa = PBXFileReference; lastKnownFileType = sourcecode.swift; path = NetworkHelper.swift; sourceTree = "<group>"; };
		80B4F4BD2BEA53260009E4CA /* LoggingHelper.swift */ = {isa = PBXFileReference; lastKnownFileType = sourcecode.swift; path = LoggingHelper.swift; sourceTree = "<group>"; };
		80B4F4C02BEA534B0009E4CA /* KeychainSwift.swift */ = {isa = PBXFileReference; lastKnownFileType = sourcecode.swift; path = KeychainSwift.swift; sourceTree = "<group>"; };
		80B4F4C22BEA53530009E4CA /* SettingsManager.swift */ = {isa = PBXFileReference; lastKnownFileType = sourcecode.swift; path = SettingsManager.swift; sourceTree = "<group>"; };
		80B4F4C42BEA55760009E4CA /* AddyIo.swift */ = {isa = PBXFileReference; lastKnownFileType = sourcecode.swift; path = AddyIo.swift; sourceTree = "<group>"; };
		80B4F4CB2BEA58A20009E4CA /* SharedData.swift */ = {isa = PBXFileReference; lastKnownFileType = sourcecode.swift; path = SharedData.swift; sourceTree = "<group>"; };
		80B4F4CD2BEA598A0009E4CA /* UserResource.swift */ = {isa = PBXFileReference; lastKnownFileType = sourcecode.swift; path = UserResource.swift; sourceTree = "<group>"; };
		80B4F4CF2BEA5BE60009E4CA /* UserAgent.swift */ = {isa = PBXFileReference; lastKnownFileType = sourcecode.swift; path = UserAgent.swift; sourceTree = "<group>"; };
		80B4F4D12BEA5DCE0009E4CA /* Version.swift */ = {isa = PBXFileReference; lastKnownFileType = sourcecode.swift; path = Version.swift; sourceTree = "<group>"; };
		80BB84142BF001AB005999C3 /* DateTimeUtils.swift */ = {isa = PBXFileReference; lastKnownFileType = sourcecode.swift; path = DateTimeUtils.swift; sourceTree = "<group>"; };
		80E574C12C2C2B6A0036C5DB /* SharedNotificationHelper.swift */ = {isa = PBXFileReference; lastKnownFileType = sourcecode.swift; path = SharedNotificationHelper.swift; sourceTree = "<group>"; };
		80E849A52BEB93F900C8D68A /* Error.swift */ = {isa = PBXFileReference; lastKnownFileType = sourcecode.swift; path = Error.swift; sourceTree = "<group>"; };
		80E849B42BEBA9C900C8D68A /* Assets.xcassets */ = {isa = PBXFileReference; lastKnownFileType = folder.assetcatalog; path = Assets.xcassets; sourceTree = "<group>"; };
		80E84A302BEC11ED00C8D68A /* Aliases.swift */ = {isa = PBXFileReference; lastKnownFileType = sourcecode.swift; path = Aliases.swift; sourceTree = "<group>"; };
		80E84A322BEC122900C8D68A /* Recipients.swift */ = {isa = PBXFileReference; lastKnownFileType = sourcecode.swift; path = Recipients.swift; sourceTree = "<group>"; };
		80E9B2312C0B646400C7EF99 /* Usernames.swift */ = {isa = PBXFileReference; lastKnownFileType = sourcecode.swift; path = Usernames.swift; sourceTree = "<group>"; };
		80ECA1032C1DCB5E00788D75 /* ApiTokenDetails.swift */ = {isa = PBXFileReference; lastKnownFileType = sourcecode.swift; path = ApiTokenDetails.swift; sourceTree = "<group>"; };
		80F3C6662BFB73AF0028A486 /* Domains.swift */ = {isa = PBXFileReference; lastKnownFileType = sourcecode.swift; path = Domains.swift; sourceTree = "<group>"; };
/* End PBXFileReference section */

/* Begin PBXFrameworksBuildPhase section */
		8001D9ED2BEA513500AAD10E /* Frameworks */ = {
			isa = PBXFrameworksBuildPhase;
			buildActionMask = 2147483647;
			files = (
				8054592C2C3991C60087A170 /* Shimmer in Frameworks */,
				805459232C3989B30087A170 /* WrappingHStack in Frameworks */,
				806AE68F2C19EB9E00F3CA92 /* FeedKit in Frameworks */,
				8073C94F2C7881D000DE3640 /* SwiftHTMLtoMarkdown in Frameworks */,
			);
			runOnlyForDeploymentPostprocessing = 0;
		};
/* End PBXFrameworksBuildPhase section */

/* Begin PBXGroup section */
		8001D9E62BEA513500AAD10E = {
			isa = PBXGroup;
			children = (
				805F1FA42C3C041300469BCE /* addy-shared-Info.plist */,
				80B4F4C42BEA55760009E4CA /* AddyIo.swift */,
				809F87502C29E4C8002A89C0 /* AppState.swift */,
				80B4F4CB2BEA58A20009E4CA /* SharedData.swift */,
				80E849B42BEBA9C900C8D68A /* Assets.xcassets */,
				8042E08B2C331DD8001E8366 /* Localizable.xcstrings */,
				8047EA782C4565D600A04D28 /* ThirdPartyMailer */,
				80BB84112BF0008A005999C3 /* helpers */,
				80BB84102BF00077005999C3 /* managers */,
				80BB84122BF00099005999C3 /* models */,
				80E574C42C2C2BAD0036C5DB /* notification */,
				8001D9F12BEA513500AAD10E /* Products */,
				80BB84132BF0019E005999C3 /* utils */,
			);
			sourceTree = "<group>";
		};
		8001D9F12BEA513500AAD10E /* Products */ = {
			isa = PBXGroup;
			children = (
				8001D9F02BEA513500AAD10E /* addy_shared.framework */,
			);
			name = Products;
			sourceTree = "<group>";
		};
		8047EA782C4565D600A04D28 /* ThirdPartyMailer */ = {
			isa = PBXGroup;
			children = (
				8047EA752C4565D600A04D28 /* README.md */,
				8047EA762C4565D600A04D28 /* ThirdPartyMailClient.swift */,
				8047EA772C4565D600A04D28 /* ThirdPartyMailer.swift */,
			);
			path = ThirdPartyMailer;
			sourceTree = "<group>";
		};
		80BB84102BF00077005999C3 /* managers */ = {
			isa = PBXGroup;
			children = (
				80B4F4C22BEA53530009E4CA /* SettingsManager.swift */,
				80B4F4C02BEA534B0009E4CA /* KeychainSwift.swift */,
			);
			path = managers;
			sourceTree = "<group>";
		};
		80BB84112BF0008A005999C3 /* helpers */ = {
			isa = PBXGroup;
			children = (
				806890952BFE7F7300CEB8C7 /* HapticHelper.swift */,
				80B4F4BD2BEA53260009E4CA /* LoggingHelper.swift */,
				80B4F4BB2BEA531A0009E4CA /* NetworkHelper.swift */,
			);
			path = helpers;
			sourceTree = "<group>";
		};
		80BB84122BF00099005999C3 /* models */ = {
			isa = PBXGroup;
			children = (
				80B2FBCE2C3C4EE8009977B6 /* AddyChartData.swift */,
				80E84A302BEC11ED00C8D68A /* Aliases.swift */,
				80A7F1FF2BECD122001A984B /* AliasSortFilter.swift */,
				80ECA1032C1DCB5E00788D75 /* ApiTokenDetails.swift */,
				80F3C6662BFB73AF0028A486 /* Domains.swift */,
				80E849A52BEB93F900C8D68A /* Error.swift */,
				80813B722C0DF349009C4E6A /* FailedDeliveries.swift */,
				80B4F4B82BEA52EE0009E4CA /* Logs.swift */,
				80E84A322BEC122900C8D68A /* Recipients.swift */,
				80477DE12C12232C00E52AF8 /* Rules.swift */,
				80B4F4CF2BEA5BE60009E4CA /* UserAgent.swift */,
				80E9B2312C0B646400C7EF99 /* Usernames.swift */,
				80B4F4CD2BEA598A0009E4CA /* UserResource.swift */,
				80B4F4D12BEA5DCE0009E4CA /* Version.swift */,
				807848602C7786B000194B1A /* AccountNotifications.swift */,
				8047F1082CA48A010061321E /* Login.swift */,
			);
			path = models;
			sourceTree = "<group>";
		};
		80BB84132BF0019E005999C3 /* utils */ = {
			isa = PBXGroup;
			children = (
				80958FE82C4AE81F00833EB7 /* GsonTools.swift */,
				80BB84142BF001AB005999C3 /* DateTimeUtils.swift */,
				80958FEA2C4AE91200833EB7 /* CacheHelper.swift */,
			);
			path = utils;
			sourceTree = "<group>";
		};
		80E574C42C2C2BAD0036C5DB /* notification */ = {
			isa = PBXGroup;
			children = (
				80E574C12C2C2B6A0036C5DB /* SharedNotificationHelper.swift */,
			);
			path = notification;
			sourceTree = "<group>";
		};
/* End PBXGroup section */

/* Begin PBXHeadersBuildPhase section */
		8001D9EB2BEA513500AAD10E /* Headers */ = {
			isa = PBXHeadersBuildPhase;
			buildActionMask = 2147483647;
			files = (
			);
			runOnlyForDeploymentPostprocessing = 0;
		};
/* End PBXHeadersBuildPhase section */

/* Begin PBXNativeTarget section */
		8001D9EF2BEA513500AAD10E /* addy_shared */ = {
			isa = PBXNativeTarget;
			buildConfigurationList = 8001D9F72BEA513500AAD10E /* Build configuration list for PBXNativeTarget "addy_shared" */;
			buildPhases = (
				8001D9EB2BEA513500AAD10E /* Headers */,
				8001D9EC2BEA513500AAD10E /* Sources */,
				8001D9ED2BEA513500AAD10E /* Frameworks */,
				8001D9EE2BEA513500AAD10E /* Resources */,
				807337E92BEA614E00D0D7E0 /* Embed Frameworks */,
			);
			buildRules = (
			);
			dependencies = (
			);
			name = addy_shared;
			packageProductDependencies = (
				806AE68E2C19EB9E00F3CA92 /* FeedKit */,
				805459222C3989B30087A170 /* WrappingHStack */,
				8054592B2C3991C60087A170 /* Shimmer */,
				8073C94E2C7881D000DE3640 /* SwiftHTMLtoMarkdown */,
			);
			productName = addy_shared;
			productReference = 8001D9F02BEA513500AAD10E /* addy_shared.framework */;
			productType = "com.apple.product-type.framework";
		};
/* End PBXNativeTarget section */

/* Begin PBXProject section */
		8001D9E72BEA513500AAD10E /* Project object */ = {
			isa = PBXProject;
			attributes = {
				BuildIndependentTargetsInParallel = 1;
				LastUpgradeCheck = 1640;
				TargetAttributes = {
					8001D9EF2BEA513500AAD10E = {
						CreatedOnToolsVersion = 15.3;
						LastSwiftMigration = 1530;
					};
				};
			};
			buildConfigurationList = 8001D9EA2BEA513500AAD10E /* Build configuration list for PBXProject "addy_shared" */;
			compatibilityVersion = "Xcode 15.3";
			developmentRegion = en;
			hasScannedForEncodings = 0;
			knownRegions = (
				en,
				Base,
			);
			mainGroup = 8001D9E62BEA513500AAD10E;
			packageReferences = (
				806AE68D2C19EB9E00F3CA92 /* XCRemoteSwiftPackageReference "FeedKit" */,
				805459212C3989B30087A170 /* XCRemoteSwiftPackageReference "WrappingHStack" */,
				8054592A2C3991C60087A170 /* XCRemoteSwiftPackageReference "SwiftUI-Shimmer" */,
				8073C94D2C7881D000DE3640 /* XCRemoteSwiftPackageReference "SwiftHTMLToMarkdown" */,
			);
			productRefGroup = 8001D9F12BEA513500AAD10E /* Products */;
			projectDirPath = "";
			projectRoot = "";
			targets = (
				8001D9EF2BEA513500AAD10E /* addy_shared */,
			);
		};
/* End PBXProject section */

/* Begin PBXResourcesBuildPhase section */
		8001D9EE2BEA513500AAD10E /* Resources */ = {
			isa = PBXResourcesBuildPhase;
			buildActionMask = 2147483647;
			files = (
				8042E08C2C331DD8001E8366 /* Localizable.xcstrings in Resources */,
				8047EA7B2C4565D600A04D28 /* README.md in Resources */,
				80E849B52BEBA9C900C8D68A /* Assets.xcassets in Resources */,
			);
			runOnlyForDeploymentPostprocessing = 0;
		};
/* End PBXResourcesBuildPhase section */

/* Begin PBXSourcesBuildPhase section */
		8001D9EC2BEA513500AAD10E /* Sources */ = {
			isa = PBXSourcesBuildPhase;
			buildActionMask = 2147483647;
			files = (
				80B4F4BE2BEA53260009E4CA /* LoggingHelper.swift in Sources */,
				80B4F4CC2BEA58A20009E4CA /* SharedData.swift in Sources */,
				80E84A312BEC11ED00C8D68A /* Aliases.swift in Sources */,
				80E9B2322C0B646400C7EF99 /* Usernames.swift in Sources */,
				80F3C6672BFB73AF0028A486 /* Domains.swift in Sources */,
				80E574C22C2C2B6A0036C5DB /* SharedNotificationHelper.swift in Sources */,
				80B4F4C32BEA53530009E4CA /* SettingsManager.swift in Sources */,
				80E849A62BEB93F900C8D68A /* Error.swift in Sources */,
				80B4F4BC2BEA531A0009E4CA /* NetworkHelper.swift in Sources */,
				80B4F4D02BEA5BE60009E4CA /* UserAgent.swift in Sources */,
				807848612C7786B000194B1A /* AccountNotifications.swift in Sources */,
				80477DE22C12232C00E52AF8 /* Rules.swift in Sources */,
				80B4F4CE2BEA598A0009E4CA /* UserResource.swift in Sources */,
				80ECA1042C1DCB5E00788D75 /* ApiTokenDetails.swift in Sources */,
				80B4F4D22BEA5DCE0009E4CA /* Version.swift in Sources */,
				80BB84152BF001AB005999C3 /* DateTimeUtils.swift in Sources */,
				80E84A332BEC122900C8D68A /* Recipients.swift in Sources */,
				80958FEB2C4AE91200833EB7 /* CacheHelper.swift in Sources */,
				80B2FBCF2C3C4EE8009977B6 /* AddyChartData.swift in Sources */,
				80B4F4C52BEA55760009E4CA /* AddyIo.swift in Sources */,
				8047EA792C4565D600A04D28 /* ThirdPartyMailer.swift in Sources */,
				8047F1092CA48A010061321E /* Login.swift in Sources */,
				8047EA7A2C4565D600A04D28 /* ThirdPartyMailClient.swift in Sources */,
				806890962BFE7F7300CEB8C7 /* HapticHelper.swift in Sources */,
				80958FE92C4AE81F00833EB7 /* GsonTools.swift in Sources */,
				809F87512C29E4C9002A89C0 /* AppState.swift in Sources */,
				80813B732C0DF349009C4E6A /* FailedDeliveries.swift in Sources */,
				80B4F4B92BEA52EE0009E4CA /* Logs.swift in Sources */,
				80A7F2002BECD122001A984B /* AliasSortFilter.swift in Sources */,
				80B4F4C12BEA534B0009E4CA /* KeychainSwift.swift in Sources */,
			);
			runOnlyForDeploymentPostprocessing = 0;
		};
/* End PBXSourcesBuildPhase section */

/* Begin XCBuildConfiguration section */
		8001D9F52BEA513500AAD10E /* appstoreDebug */ = {
			isa = XCBuildConfiguration;
			buildSettings = {
				ALWAYS_SEARCH_USER_PATHS = NO;
				ASSETCATALOG_COMPILER_GENERATE_SWIFT_ASSET_SYMBOL_EXTENSIONS = YES;
				CLANG_ANALYZER_NONNULL = YES;
				CLANG_ANALYZER_NUMBER_OBJECT_CONVERSION = YES_AGGRESSIVE;
				CLANG_CXX_LANGUAGE_STANDARD = "gnu++20";
				CLANG_ENABLE_MODULES = YES;
				CLANG_ENABLE_OBJC_ARC = YES;
				CLANG_ENABLE_OBJC_WEAK = YES;
				CLANG_WARN_BLOCK_CAPTURE_AUTORELEASING = YES;
				CLANG_WARN_BOOL_CONVERSION = YES;
				CLANG_WARN_COMMA = YES;
				CLANG_WARN_CONSTANT_CONVERSION = YES;
				CLANG_WARN_DEPRECATED_OBJC_IMPLEMENTATIONS = YES;
				CLANG_WARN_DIRECT_OBJC_ISA_USAGE = YES_ERROR;
				CLANG_WARN_DOCUMENTATION_COMMENTS = YES;
				CLANG_WARN_EMPTY_BODY = YES;
				CLANG_WARN_ENUM_CONVERSION = YES;
				CLANG_WARN_INFINITE_RECURSION = YES;
				CLANG_WARN_INT_CONVERSION = YES;
				CLANG_WARN_NON_LITERAL_NULL_CONVERSION = YES;
				CLANG_WARN_OBJC_IMPLICIT_RETAIN_SELF = YES;
				CLANG_WARN_OBJC_LITERAL_CONVERSION = YES;
				CLANG_WARN_OBJC_ROOT_CLASS = YES_ERROR;
				CLANG_WARN_QUOTED_INCLUDE_IN_FRAMEWORK_HEADER = YES;
				CLANG_WARN_RANGE_LOOP_ANALYSIS = YES;
				CLANG_WARN_STRICT_PROTOTYPES = YES;
				CLANG_WARN_SUSPICIOUS_MOVE = YES;
				CLANG_WARN_UNGUARDED_AVAILABILITY = YES_AGGRESSIVE;
				CLANG_WARN_UNREACHABLE_CODE = YES;
				CLANG_WARN__DUPLICATE_METHOD_MATCH = YES;
				COPY_PHASE_STRIP = NO;
				CURRENT_PROJECT_VERSION = 1;
				DEBUG_INFORMATION_FORMAT = dwarf;
				DEVELOPMENT_TEAM = 83RFSJ6CUP;
				ENABLE_STRICT_OBJC_MSGSEND = YES;
				ENABLE_TESTABILITY = YES;
				ENABLE_USER_SCRIPT_SANDBOXING = YES;
				GCC_C_LANGUAGE_STANDARD = gnu17;
				GCC_DYNAMIC_NO_PIC = NO;
				GCC_NO_COMMON_BLOCKS = YES;
				GCC_OPTIMIZATION_LEVEL = 0;
				GCC_PREPROCESSOR_DEFINITIONS = (
					"DEBUG=1",
					"$(inherited)",
				);
				GCC_WARN_64_TO_32_BIT_CONVERSION = YES;
				GCC_WARN_ABOUT_RETURN_TYPE = YES_ERROR;
				GCC_WARN_UNDECLARED_SELECTOR = YES;
				GCC_WARN_UNINITIALIZED_AUTOS = YES_AGGRESSIVE;
				GCC_WARN_UNUSED_FUNCTION = YES;
				GCC_WARN_UNUSED_VARIABLE = YES;
				IPHONEOS_DEPLOYMENT_TARGET = 17.0;
				LOCALIZATION_PREFERS_STRING_CATALOGS = YES;
				MTL_ENABLE_DEBUG_INFO = INCLUDE_SOURCE;
				MTL_FAST_MATH = YES;
				ONLY_ACTIVE_ARCH = YES;
				SDKROOT = iphoneos;
				SWIFT_ACTIVE_COMPILATION_CONDITIONS = "DEBUG $(inherited)";
				SWIFT_EMIT_LOC_STRINGS = YES;
				SWIFT_OPTIMIZATION_LEVEL = "-Onone";
				VERSIONING_SYSTEM = "apple-generic";
				VERSION_INFO_PREFIX = "";
			};
			name = appstoreDebug;
		};
		8001D9F62BEA513500AAD10E /* appstoreRelease */ = {
			isa = XCBuildConfiguration;
			buildSettings = {
				ALWAYS_SEARCH_USER_PATHS = NO;
				ASSETCATALOG_COMPILER_GENERATE_SWIFT_ASSET_SYMBOL_EXTENSIONS = YES;
				CLANG_ANALYZER_NONNULL = YES;
				CLANG_ANALYZER_NUMBER_OBJECT_CONVERSION = YES_AGGRESSIVE;
				CLANG_CXX_LANGUAGE_STANDARD = "gnu++20";
				CLANG_ENABLE_MODULES = YES;
				CLANG_ENABLE_OBJC_ARC = YES;
				CLANG_ENABLE_OBJC_WEAK = YES;
				CLANG_WARN_BLOCK_CAPTURE_AUTORELEASING = YES;
				CLANG_WARN_BOOL_CONVERSION = YES;
				CLANG_WARN_COMMA = YES;
				CLANG_WARN_CONSTANT_CONVERSION = YES;
				CLANG_WARN_DEPRECATED_OBJC_IMPLEMENTATIONS = YES;
				CLANG_WARN_DIRECT_OBJC_ISA_USAGE = YES_ERROR;
				CLANG_WARN_DOCUMENTATION_COMMENTS = YES;
				CLANG_WARN_EMPTY_BODY = YES;
				CLANG_WARN_ENUM_CONVERSION = YES;
				CLANG_WARN_INFINITE_RECURSION = YES;
				CLANG_WARN_INT_CONVERSION = YES;
				CLANG_WARN_NON_LITERAL_NULL_CONVERSION = YES;
				CLANG_WARN_OBJC_IMPLICIT_RETAIN_SELF = YES;
				CLANG_WARN_OBJC_LITERAL_CONVERSION = YES;
				CLANG_WARN_OBJC_ROOT_CLASS = YES_ERROR;
				CLANG_WARN_QUOTED_INCLUDE_IN_FRAMEWORK_HEADER = YES;
				CLANG_WARN_RANGE_LOOP_ANALYSIS = YES;
				CLANG_WARN_STRICT_PROTOTYPES = YES;
				CLANG_WARN_SUSPICIOUS_MOVE = YES;
				CLANG_WARN_UNGUARDED_AVAILABILITY = YES_AGGRESSIVE;
				CLANG_WARN_UNREACHABLE_CODE = YES;
				CLANG_WARN__DUPLICATE_METHOD_MATCH = YES;
				COPY_PHASE_STRIP = NO;
				CURRENT_PROJECT_VERSION = 1;
				DEBUG_INFORMATION_FORMAT = "dwarf-with-dsym";
				DEVELOPMENT_TEAM = 83RFSJ6CUP;
				ENABLE_NS_ASSERTIONS = NO;
				ENABLE_STRICT_OBJC_MSGSEND = YES;
				ENABLE_USER_SCRIPT_SANDBOXING = YES;
				GCC_C_LANGUAGE_STANDARD = gnu17;
				GCC_NO_COMMON_BLOCKS = YES;
				GCC_WARN_64_TO_32_BIT_CONVERSION = YES;
				GCC_WARN_ABOUT_RETURN_TYPE = YES_ERROR;
				GCC_WARN_UNDECLARED_SELECTOR = YES;
				GCC_WARN_UNINITIALIZED_AUTOS = YES_AGGRESSIVE;
				GCC_WARN_UNUSED_FUNCTION = YES;
				GCC_WARN_UNUSED_VARIABLE = YES;
				IPHONEOS_DEPLOYMENT_TARGET = 17.0;
				LOCALIZATION_PREFERS_STRING_CATALOGS = YES;
				MTL_ENABLE_DEBUG_INFO = NO;
				MTL_FAST_MATH = YES;
				SDKROOT = iphoneos;
				SWIFT_COMPILATION_MODE = wholemodule;
				SWIFT_EMIT_LOC_STRINGS = YES;
				VALIDATE_PRODUCT = YES;
				VERSIONING_SYSTEM = "apple-generic";
				VERSION_INFO_PREFIX = "";
			};
			name = appstoreRelease;
		};
		8001D9F82BEA513500AAD10E /* appstoreDebug */ = {
			isa = XCBuildConfiguration;
			buildSettings = {
				BUILD_LIBRARY_FOR_DISTRIBUTION = NO;
				CLANG_ENABLE_MODULES = YES;
				CODE_SIGN_IDENTITY = "";
				CODE_SIGN_STYLE = Automatic;
				CURRENT_PROJECT_VERSION = 1;
				DEFINES_MODULE = NO;
				DYLIB_COMPATIBILITY_VERSION = 1;
				DYLIB_CURRENT_VERSION = 1;
				DYLIB_INSTALL_NAME_BASE = "@rpath";
				ENABLE_MODULE_VERIFIER = YES;
				GENERATE_INFOPLIST_FILE = YES;
				INFOPLIST_FILE = "addy-shared-Info.plist";
				INFOPLIST_KEY_NSHumanReadableCopyright = "";
				INSTALL_PATH = "$(LOCAL_LIBRARY_DIR)/Frameworks";
				IPHONEOS_DEPLOYMENT_TARGET = 17.0;
				LD_RUNPATH_SEARCH_PATHS = (
					"$(inherited)",
					"@executable_path/Frameworks",
					"@loader_path/Frameworks",
				);
				MARKETING_VERSION = 1.0;
				MODULE_VERIFIER_SUPPORTED_LANGUAGES = "objective-c objective-c++";
				MODULE_VERIFIER_SUPPORTED_LANGUAGE_STANDARDS = "gnu17 gnu++20";
				PRODUCT_BUNDLE_IDENTIFIER = host.stjin.addy.shared;
				PRODUCT_NAME = "$(TARGET_NAME:c99extidentifier)";
				SKIP_INSTALL = YES;
				SWIFT_EMIT_LOC_STRINGS = YES;
				SWIFT_INSTALL_OBJC_HEADER = NO;
				SWIFT_OPTIMIZATION_LEVEL = "-Onone";
				SWIFT_STRICT_CONCURRENCY = minimal;
				SWIFT_VERSION = 5.0;
				TARGETED_DEVICE_FAMILY = "1,2";
			};
			name = appstoreDebug;
		};
		8001D9F92BEA513500AAD10E /* appstoreRelease */ = {
			isa = XCBuildConfiguration;
			buildSettings = {
				BUILD_LIBRARY_FOR_DISTRIBUTION = NO;
				CLANG_ENABLE_MODULES = YES;
				CODE_SIGN_IDENTITY = "";
				CODE_SIGN_STYLE = Automatic;
				CURRENT_PROJECT_VERSION = 1;
				DEFINES_MODULE = NO;
				DYLIB_COMPATIBILITY_VERSION = 1;
				DYLIB_CURRENT_VERSION = 1;
				DYLIB_INSTALL_NAME_BASE = "@rpath";
				ENABLE_MODULE_VERIFIER = YES;
				GENERATE_INFOPLIST_FILE = YES;
				INFOPLIST_FILE = "addy-shared-Info.plist";
				INFOPLIST_KEY_NSHumanReadableCopyright = "";
				INSTALL_PATH = "$(LOCAL_LIBRARY_DIR)/Frameworks";
				IPHONEOS_DEPLOYMENT_TARGET = 17.0;
				LD_RUNPATH_SEARCH_PATHS = (
					"$(inherited)",
					"@executable_path/Frameworks",
					"@loader_path/Frameworks",
				);
				MARKETING_VERSION = 1.0;
				MODULE_VERIFIER_SUPPORTED_LANGUAGES = "objective-c objective-c++";
				MODULE_VERIFIER_SUPPORTED_LANGUAGE_STANDARDS = "gnu17 gnu++20";
				PRODUCT_BUNDLE_IDENTIFIER = host.stjin.addy.shared;
				PRODUCT_NAME = "$(TARGET_NAME:c99extidentifier)";
				SKIP_INSTALL = YES;
				SWIFT_EMIT_LOC_STRINGS = YES;
				SWIFT_INSTALL_OBJC_HEADER = NO;
				SWIFT_STRICT_CONCURRENCY = minimal;
				SWIFT_VERSION = 5.0;
				TARGETED_DEVICE_FAMILY = "1,2";
			};
			name = appstoreRelease;
		};
		80D51AAB2C98411500BCD2B8 /* appstorelessRelease */ = {
			isa = XCBuildConfiguration;
			buildSettings = {
				ALWAYS_SEARCH_USER_PATHS = NO;
				ASSETCATALOG_COMPILER_GENERATE_SWIFT_ASSET_SYMBOL_EXTENSIONS = YES;
				CLANG_ANALYZER_NONNULL = YES;
				CLANG_ANALYZER_NUMBER_OBJECT_CONVERSION = YES_AGGRESSIVE;
				CLANG_CXX_LANGUAGE_STANDARD = "gnu++20";
				CLANG_ENABLE_MODULES = YES;
				CLANG_ENABLE_OBJC_ARC = YES;
				CLANG_ENABLE_OBJC_WEAK = YES;
				CLANG_WARN_BLOCK_CAPTURE_AUTORELEASING = YES;
				CLANG_WARN_BOOL_CONVERSION = YES;
				CLANG_WARN_COMMA = YES;
				CLANG_WARN_CONSTANT_CONVERSION = YES;
				CLANG_WARN_DEPRECATED_OBJC_IMPLEMENTATIONS = YES;
				CLANG_WARN_DIRECT_OBJC_ISA_USAGE = YES_ERROR;
				CLANG_WARN_DOCUMENTATION_COMMENTS = YES;
				CLANG_WARN_EMPTY_BODY = YES;
				CLANG_WARN_ENUM_CONVERSION = YES;
				CLANG_WARN_INFINITE_RECURSION = YES;
				CLANG_WARN_INT_CONVERSION = YES;
				CLANG_WARN_NON_LITERAL_NULL_CONVERSION = YES;
				CLANG_WARN_OBJC_IMPLICIT_RETAIN_SELF = YES;
				CLANG_WARN_OBJC_LITERAL_CONVERSION = YES;
				CLANG_WARN_OBJC_ROOT_CLASS = YES_ERROR;
				CLANG_WARN_QUOTED_INCLUDE_IN_FRAMEWORK_HEADER = YES;
				CLANG_WARN_RANGE_LOOP_ANALYSIS = YES;
				CLANG_WARN_STRICT_PROTOTYPES = YES;
				CLANG_WARN_SUSPICIOUS_MOVE = YES;
				CLANG_WARN_UNGUARDED_AVAILABILITY = YES_AGGRESSIVE;
				CLANG_WARN_UNREACHABLE_CODE = YES;
				CLANG_WARN__DUPLICATE_METHOD_MATCH = YES;
				COPY_PHASE_STRIP = NO;
				CURRENT_PROJECT_VERSION = 1;
				DEBUG_INFORMATION_FORMAT = "dwarf-with-dsym";
				DEVELOPMENT_TEAM = 83RFSJ6CUP;
				ENABLE_NS_ASSERTIONS = NO;
				ENABLE_STRICT_OBJC_MSGSEND = YES;
				ENABLE_USER_SCRIPT_SANDBOXING = YES;
				GCC_C_LANGUAGE_STANDARD = gnu17;
				GCC_NO_COMMON_BLOCKS = YES;
				GCC_WARN_64_TO_32_BIT_CONVERSION = YES;
				GCC_WARN_ABOUT_RETURN_TYPE = YES_ERROR;
				GCC_WARN_UNDECLARED_SELECTOR = YES;
				GCC_WARN_UNINITIALIZED_AUTOS = YES_AGGRESSIVE;
				GCC_WARN_UNUSED_FUNCTION = YES;
				GCC_WARN_UNUSED_VARIABLE = YES;
				IPHONEOS_DEPLOYMENT_TARGET = 17.0;
				LOCALIZATION_PREFERS_STRING_CATALOGS = YES;
				MTL_ENABLE_DEBUG_INFO = NO;
				MTL_FAST_MATH = YES;
				SDKROOT = iphoneos;
				SWIFT_COMPILATION_MODE = wholemodule;
				SWIFT_EMIT_LOC_STRINGS = YES;
				VALIDATE_PRODUCT = YES;
				VERSIONING_SYSTEM = "apple-generic";
				VERSION_INFO_PREFIX = "";
			};
			name = appstorelessRelease;
		};
		80D51AAC2C98411500BCD2B8 /* appstorelessRelease */ = {
			isa = XCBuildConfiguration;
			buildSettings = {
				BUILD_LIBRARY_FOR_DISTRIBUTION = NO;
				CLANG_ENABLE_MODULES = YES;
				CODE_SIGN_IDENTITY = "";
				CODE_SIGN_STYLE = Automatic;
				CURRENT_PROJECT_VERSION = 1;
				DEFINES_MODULE = NO;
				DYLIB_COMPATIBILITY_VERSION = 1;
				DYLIB_CURRENT_VERSION = 1;
				DYLIB_INSTALL_NAME_BASE = "@rpath";
				ENABLE_MODULE_VERIFIER = YES;
				GENERATE_INFOPLIST_FILE = YES;
				INFOPLIST_FILE = "addy-shared-Info.plist";
				INFOPLIST_KEY_NSHumanReadableCopyright = "";
				INSTALL_PATH = "$(LOCAL_LIBRARY_DIR)/Frameworks";
				IPHONEOS_DEPLOYMENT_TARGET = 17.0;
				LD_RUNPATH_SEARCH_PATHS = (
					"$(inherited)",
					"@executable_path/Frameworks",
					"@loader_path/Frameworks",
				);
				MARKETING_VERSION = 1.0;
				MODULE_VERIFIER_SUPPORTED_LANGUAGES = "objective-c objective-c++";
				MODULE_VERIFIER_SUPPORTED_LANGUAGE_STANDARDS = "gnu17 gnu++20";
				PRODUCT_BUNDLE_IDENTIFIER = host.stjin.addy.shared;
				PRODUCT_NAME = "$(TARGET_NAME:c99extidentifier)";
				SKIP_INSTALL = YES;
				SWIFT_EMIT_LOC_STRINGS = YES;
				SWIFT_INSTALL_OBJC_HEADER = NO;
				SWIFT_STRICT_CONCURRENCY = minimal;
				SWIFT_VERSION = 5.0;
				TARGETED_DEVICE_FAMILY = "1,2";
			};
			name = appstorelessRelease;
		};
		80D51AAD2C98412000BCD2B8 /* appstorelessDebug */ = {
			isa = XCBuildConfiguration;
			buildSettings = {
				ALWAYS_SEARCH_USER_PATHS = NO;
				ASSETCATALOG_COMPILER_GENERATE_SWIFT_ASSET_SYMBOL_EXTENSIONS = YES;
				CLANG_ANALYZER_NONNULL = YES;
				CLANG_ANALYZER_NUMBER_OBJECT_CONVERSION = YES_AGGRESSIVE;
				CLANG_CXX_LANGUAGE_STANDARD = "gnu++20";
				CLANG_ENABLE_MODULES = YES;
				CLANG_ENABLE_OBJC_ARC = YES;
				CLANG_ENABLE_OBJC_WEAK = YES;
				CLANG_WARN_BLOCK_CAPTURE_AUTORELEASING = YES;
				CLANG_WARN_BOOL_CONVERSION = YES;
				CLANG_WARN_COMMA = YES;
				CLANG_WARN_CONSTANT_CONVERSION = YES;
				CLANG_WARN_DEPRECATED_OBJC_IMPLEMENTATIONS = YES;
				CLANG_WARN_DIRECT_OBJC_ISA_USAGE = YES_ERROR;
				CLANG_WARN_DOCUMENTATION_COMMENTS = YES;
				CLANG_WARN_EMPTY_BODY = YES;
				CLANG_WARN_ENUM_CONVERSION = YES;
				CLANG_WARN_INFINITE_RECURSION = YES;
				CLANG_WARN_INT_CONVERSION = YES;
				CLANG_WARN_NON_LITERAL_NULL_CONVERSION = YES;
				CLANG_WARN_OBJC_IMPLICIT_RETAIN_SELF = YES;
				CLANG_WARN_OBJC_LITERAL_CONVERSION = YES;
				CLANG_WARN_OBJC_ROOT_CLASS = YES_ERROR;
				CLANG_WARN_QUOTED_INCLUDE_IN_FRAMEWORK_HEADER = YES;
				CLANG_WARN_RANGE_LOOP_ANALYSIS = YES;
				CLANG_WARN_STRICT_PROTOTYPES = YES;
				CLANG_WARN_SUSPICIOUS_MOVE = YES;
				CLANG_WARN_UNGUARDED_AVAILABILITY = YES_AGGRESSIVE;
				CLANG_WARN_UNREACHABLE_CODE = YES;
				CLANG_WARN__DUPLICATE_METHOD_MATCH = YES;
				COPY_PHASE_STRIP = NO;
				CURRENT_PROJECT_VERSION = 1;
				DEBUG_INFORMATION_FORMAT = dwarf;
				DEVELOPMENT_TEAM = 83RFSJ6CUP;
				ENABLE_STRICT_OBJC_MSGSEND = YES;
				ENABLE_TESTABILITY = YES;
				ENABLE_USER_SCRIPT_SANDBOXING = YES;
				GCC_C_LANGUAGE_STANDARD = gnu17;
				GCC_DYNAMIC_NO_PIC = NO;
				GCC_NO_COMMON_BLOCKS = YES;
				GCC_OPTIMIZATION_LEVEL = 0;
				GCC_PREPROCESSOR_DEFINITIONS = (
					"DEBUG=1",
					"$(inherited)",
				);
				GCC_WARN_64_TO_32_BIT_CONVERSION = YES;
				GCC_WARN_ABOUT_RETURN_TYPE = YES_ERROR;
				GCC_WARN_UNDECLARED_SELECTOR = YES;
				GCC_WARN_UNINITIALIZED_AUTOS = YES_AGGRESSIVE;
				GCC_WARN_UNUSED_FUNCTION = YES;
				GCC_WARN_UNUSED_VARIABLE = YES;
				IPHONEOS_DEPLOYMENT_TARGET = 17.0;
				LOCALIZATION_PREFERS_STRING_CATALOGS = YES;
				MTL_ENABLE_DEBUG_INFO = INCLUDE_SOURCE;
				MTL_FAST_MATH = YES;
				ONLY_ACTIVE_ARCH = YES;
				SDKROOT = iphoneos;
				SWIFT_ACTIVE_COMPILATION_CONDITIONS = "DEBUG $(inherited)";
				SWIFT_EMIT_LOC_STRINGS = YES;
				SWIFT_OPTIMIZATION_LEVEL = "-Onone";
				VERSIONING_SYSTEM = "apple-generic";
				VERSION_INFO_PREFIX = "";
			};
			name = appstorelessDebug;
		};
		80D51AAE2C98412000BCD2B8 /* appstorelessDebug */ = {
			isa = XCBuildConfiguration;
			buildSettings = {
				BUILD_LIBRARY_FOR_DISTRIBUTION = NO;
				CLANG_ENABLE_MODULES = YES;
				CODE_SIGN_IDENTITY = "";
				CODE_SIGN_STYLE = Automatic;
				CURRENT_PROJECT_VERSION = 1;
				DEFINES_MODULE = NO;
				DYLIB_COMPATIBILITY_VERSION = 1;
				DYLIB_CURRENT_VERSION = 1;
				DYLIB_INSTALL_NAME_BASE = "@rpath";
				ENABLE_MODULE_VERIFIER = YES;
				GENERATE_INFOPLIST_FILE = YES;
				INFOPLIST_FILE = "addy-shared-Info.plist";
				INFOPLIST_KEY_NSHumanReadableCopyright = "";
				INSTALL_PATH = "$(LOCAL_LIBRARY_DIR)/Frameworks";
				IPHONEOS_DEPLOYMENT_TARGET = 17.0;
				LD_RUNPATH_SEARCH_PATHS = (
					"$(inherited)",
					"@executable_path/Frameworks",
					"@loader_path/Frameworks",
				);
				MARKETING_VERSION = 1.0;
				MODULE_VERIFIER_SUPPORTED_LANGUAGES = "objective-c objective-c++";
				MODULE_VERIFIER_SUPPORTED_LANGUAGE_STANDARDS = "gnu17 gnu++20";
				PRODUCT_BUNDLE_IDENTIFIER = host.stjin.addy.shared;
				PRODUCT_NAME = "$(TARGET_NAME:c99extidentifier)";
				SKIP_INSTALL = YES;
				SWIFT_EMIT_LOC_STRINGS = YES;
				SWIFT_INSTALL_OBJC_HEADER = NO;
				SWIFT_OPTIMIZATION_LEVEL = "-Onone";
				SWIFT_STRICT_CONCURRENCY = minimal;
				SWIFT_VERSION = 5.0;
				TARGETED_DEVICE_FAMILY = "1,2";
			};
			name = appstorelessDebug;
		};
/* End XCBuildConfiguration section */

/* Begin XCConfigurationList section */
		8001D9EA2BEA513500AAD10E /* Build configuration list for PBXProject "addy_shared" */ = {
			isa = XCConfigurationList;
			buildConfigurations = (
				8001D9F52BEA513500AAD10E /* appstoreDebug */,
				80D51AAD2C98412000BCD2B8 /* appstorelessDebug */,
				8001D9F62BEA513500AAD10E /* appstoreRelease */,
				80D51AAB2C98411500BCD2B8 /* appstorelessRelease */,
			);
			defaultConfigurationIsVisible = 0;
			defaultConfigurationName = appstoreRelease;
		};
		8001D9F72BEA513500AAD10E /* Build configuration list for PBXNativeTarget "addy_shared" */ = {
			isa = XCConfigurationList;
			buildConfigurations = (
				8001D9F82BEA513500AAD10E /* appstoreDebug */,
				80D51AAE2C98412000BCD2B8 /* appstorelessDebug */,
				8001D9F92BEA513500AAD10E /* appstoreRelease */,
				80D51AAC2C98411500BCD2B8 /* appstorelessRelease */,
			);
			defaultConfigurationIsVisible = 0;
			defaultConfigurationName = appstoreRelease;
		};
/* End XCConfigurationList section */

/* Begin XCRemoteSwiftPackageReference section */
		805459212C3989B30087A170 /* XCRemoteSwiftPackageReference "WrappingHStack" */ = {
			isa = XCRemoteSwiftPackageReference;
			repositoryURL = "https://github.com/ksemianov/WrappingHStack";
			requirement = {
				kind = upToNextMajorVersion;
				minimumVersion = 0.2.0;
			};
		};
		8054592A2C3991C60087A170 /* XCRemoteSwiftPackageReference "SwiftUI-Shimmer" */ = {
			isa = XCRemoteSwiftPackageReference;
			repositoryURL = "https://github.com/markiv/SwiftUI-Shimmer";
			requirement = {
				kind = upToNextMajorVersion;
				minimumVersion = 1.5.1;
			};
		};
		806AE68D2C19EB9E00F3CA92 /* XCRemoteSwiftPackageReference "FeedKit" */ = {
			isa = XCRemoteSwiftPackageReference;
			repositoryURL = "https://github.com/nmdias/FeedKit.git";
			requirement = {
				kind = upToNextMajorVersion;
				minimumVersion = 10.1.3;
			};
		};
		8073C94D2C7881D000DE3640 /* XCRemoteSwiftPackageReference "SwiftHTMLToMarkdown" */ = {
			isa = XCRemoteSwiftPackageReference;
			repositoryURL = "https://github.com/ActuallyTaylor/SwiftHTMLToMarkdown";
			requirement = {
				kind = upToNextMajorVersion;
				minimumVersion = 1.1.1;
			};
		};
/* End XCRemoteSwiftPackageReference section */

/* Begin XCSwiftPackageProductDependency section */
		805459222C3989B30087A170 /* WrappingHStack */ = {
			isa = XCSwiftPackageProductDependency;
			package = 805459212C3989B30087A170 /* XCRemoteSwiftPackageReference "WrappingHStack" */;
			productName = WrappingHStack;
		};
		8054592B2C3991C60087A170 /* Shimmer */ = {
			isa = XCSwiftPackageProductDependency;
			package = 8054592A2C3991C60087A170 /* XCRemoteSwiftPackageReference "SwiftUI-Shimmer" */;
			productName = Shimmer;
		};
		806AE68E2C19EB9E00F3CA92 /* FeedKit */ = {
			isa = XCSwiftPackageProductDependency;
			package = 806AE68D2C19EB9E00F3CA92 /* XCRemoteSwiftPackageReference "FeedKit" */;
			productName = FeedKit;
		};
		8073C94E2C7881D000DE3640 /* SwiftHTMLtoMarkdown */ = {
			isa = XCSwiftPackageProductDependency;
			package = 8073C94D2C7881D000DE3640 /* XCRemoteSwiftPackageReference "SwiftHTMLToMarkdown" */;
			productName = SwiftHTMLtoMarkdown;
		};
/* End XCSwiftPackageProductDependency section */
	};
	rootObject = 8001D9E72BEA513500AAD10E /* Project object */;
}
