{
  "originHash" : "9cb49452c25c65a72e9f0736d16e5cb09027ee438da953259b58be70e9857657",
  "pins" : [
    {
      "identity" : "codescanner",
      "kind" : "remoteSourceControl",
      "location" : "https://github.com/twostraws/CodeScanner",
      "state" : {
        "revision" : "944a6a1ca030dbd890e647a678e718fc2115d35c",
        "version" : "2.4.1"
      }
    },
    {
      "identity" : "lottie-spm",
      "kind" : "remoteSourceControl",
      "location" : "https://github.com/airbnb/lottie-spm.git",
      "state" : {
        "revision" : "1d29eccc24cc8b75bff9f6804155112c0ffc9605",
        "version" : "4.4.3"
      }
    }
  ],
  "version" : 3
}
