// !$*UTF8*$!
{
	archiveVersion = 1;
	classes = {
	};
	objectVersion = 56;
	objects = {

/* Begin PBXBuildFile section */
		8001D9D22BEA1E3600AAD10E /* CodeScanner in Frameworks */ = {isa = PBXBuildFile; productRef = 8001D9D12BEA1E3600AAD10E /* CodeScanner */; };
		8001DA012BEA516000AAD10E /* addy_shared.framework in Frameworks */ = {isa = PBXBuildFile; fileRef = 8001D9FF2BEA513500AAD10E /* addy_shared.framework */; };
		801B929F2BE8FF6800179EB5 /* Launch Screen.storyboard in Resources */ = {isa = PBXBuildFile; fileRef = 801B929E2BE8FF6800179EB5 /* Launch Screen.storyboard */; };
		801B92A22BE905BB00179EB5 /* Lottie in Frameworks */ = {isa = PBXBuildFile; productRef = 801B92A12BE905BB00179EB5 /* Lottie */; };
		801B92A42BE90ACA00179EB5 /* Localizable.xcstrings in Resources */ = {isa = PBXBuildFile; fileRef = 801B92A32BE90ACA00179EB5 /* Localizable.xcstrings */; };
		80477DDE2C12225D00E52AF8 /* RulesView.swift in Sources */ = {isa = PBXBuildFile; fileRef = 80477DDD2C12225D00E52AF8 /* RulesView.swift */; };
		80477DE02C1222AE00E52AF8 /* RulesViewModel.swift in Sources */ = {isa = PBXBuildFile; fileRef = 80477DDF2C1222AE00E52AF8 /* RulesViewModel.swift */; };
		80477DE52C12261300E52AF8 /* CreateRulesView.swift in Sources */ = {isa = PBXBuildFile; fileRef = 80477DE42C12261300E52AF8 /* CreateRulesView.swift */; };
		804BE7A62BE95715001DDC8A /* SetupOnboarding.swift in Sources */ = {isa = PBXBuildFile; fileRef = 804BE7A52BE95715001DDC8A /* SetupOnboarding.swift */; };
		804BE7AA2BE95B49001DDC8A /* AddyButton.swift in Sources */ = {isa = PBXBuildFile; fileRef = 804BE7A72BE95B49001DDC8A /* AddyButton.swift */; };
		804BE7AB2BE95B49001DDC8A /* AddyButtonStyle.swift in Sources */ = {isa = PBXBuildFile; fileRef = 804BE7A82BE95B49001DDC8A /* AddyButtonStyle.swift */; };
		805AFF772C08F52000B9E573 /* UnsupportedBottomSheet.swift in Sources */ = {isa = PBXBuildFile; fileRef = 805AFF762C08F52000B9E573 /* UnsupportedBottomSheet.swift */; };
		8062CFE02C1487B600EFFB4C /* ActionBottomSheet.swift in Sources */ = {isa = PBXBuildFile; fileRef = 8062CFDF2C1487B600EFFB4C /* ActionBottomSheet.swift */; };
		8062CFE22C149DCA00EFFB4C /* ConditionBottomSheet.swift in Sources */ = {isa = PBXBuildFile; fileRef = 8062CFE12C149DCA00EFFB4C /* ConditionBottomSheet.swift */; };
		806D5F252BE925C600C5C109 /* ic_loading_logo.shapeshifter.json in Resources */ = {isa = PBXBuildFile; fileRef = 806D5F242BE925C600C5C109 /* ic_loading_logo.shapeshifter.json */; };
		806D5F272BE92AB200C5C109 /* SetupView.swift in Sources */ = {isa = PBXBuildFile; fileRef = 806D5F262BE92AB200C5C109 /* SetupView.swift */; };
		806F21332BE8F1B100EBEBC8 /* addyApp.swift in Sources */ = {isa = PBXBuildFile; fileRef = 806F21322BE8F1B100EBEBC8 /* addyApp.swift */; };
		806F21352BE8F1B100EBEBC8 /* SplashView.swift in Sources */ = {isa = PBXBuildFile; fileRef = 806F21342BE8F1B100EBEBC8 /* SplashView.swift */; };
		806F21392BE8F1B200EBEBC8 /* Assets.xcassets in Resources */ = {isa = PBXBuildFile; fileRef = 806F21382BE8F1B200EBEBC8 /* Assets.xcassets */; };
		806F213C2BE8F1B200EBEBC8 /* Preview Assets.xcassets in Resources */ = {isa = PBXBuildFile; fileRef = 806F213B2BE8F1B200EBEBC8 /* Preview Assets.xcassets */; };
		807337F42BEA63A900D0D7E0 /* addy_shared.framework in Embed Frameworks */ = {isa = PBXBuildFile; fileRef = 8001D9FF2BEA513500AAD10E /* addy_shared.framework */; settings = {ATTRIBUTES = (CodeSignOnCopy, RemoveHeadersOnCopy, ); }; };
		807338002BEA7D3500D0D7E0 /* ValidatingFieldModel.swift in Sources */ = {isa = PBXBuildFile; fileRef = 807337FF2BEA7D3500D0D7E0 /* ValidatingFieldModel.swift */; };
		807338032BEA81FC00D0D7E0 /* ValidatingTextField.swift in Sources */ = {isa = PBXBuildFile; fileRef = 807338022BEA81FC00D0D7E0 /* ValidatingTextField.swift */; };
		807DB4832C1764620051DD8A /* AppearanceBottomSheet.swift in Sources */ = {isa = PBXBuildFile; fileRef = 807DB4822C1764620051DD8A /* AppearanceBottomSheet.swift */; };
		807E06852C04F290002A3D01 /* AddRecipientBottomSheet.swift in Sources */ = {isa = PBXBuildFile; fileRef = 807E06842C04F290002A3D01 /* AddRecipientBottomSheet.swift */; };
		80813B622C0DE1DA009C4E6A /* DomainsView.swift in Sources */ = {isa = PBXBuildFile; fileRef = 80813B612C0DE1DA009C4E6A /* DomainsView.swift */; };
		80813B642C0DE1FF009C4E6A /* DomainsDetailView.swift in Sources */ = {isa = PBXBuildFile; fileRef = 80813B632C0DE1FF009C4E6A /* DomainsDetailView.swift */; };
		80813B662C0DE21A009C4E6A /* EditDomainDescriptionBottomSheet.swift in Sources */ = {isa = PBXBuildFile; fileRef = 80813B652C0DE21A009C4E6A /* EditDomainDescriptionBottomSheet.swift */; };
		80813B682C0DE234009C4E6A /* EditDomainFromNameBottomSheet.swift in Sources */ = {isa = PBXBuildFile; fileRef = 80813B672C0DE234009C4E6A /* EditDomainFromNameBottomSheet.swift */; };
		80813B6A2C0DE24C009C4E6A /* EditDomainRecipientsBottomSheet.swift in Sources */ = {isa = PBXBuildFile; fileRef = 80813B692C0DE24C009C4E6A /* EditDomainRecipientsBottomSheet.swift */; };
		80813B6C2C0DE288009C4E6A /* AddDomainBottomSheet.swift in Sources */ = {isa = PBXBuildFile; fileRef = 80813B6B2C0DE288009C4E6A /* AddDomainBottomSheet.swift */; };
		80813B6E2C0DF23B009C4E6A /* FailedDeliveriesView.swift in Sources */ = {isa = PBXBuildFile; fileRef = 80813B6D2C0DF23B009C4E6A /* FailedDeliveriesView.swift */; };
		80813B712C0DF2EF009C4E6A /* FailedDeliveriesViewModel.swift in Sources */ = {isa = PBXBuildFile; fileRef = 80813B702C0DF2EF009C4E6A /* FailedDeliveriesViewModel.swift */; };
		80813B752C0DF592009C4E6A /* FailedDeliveryBottomSheet.swift in Sources */ = {isa = PBXBuildFile; fileRef = 80813B742C0DF592009C4E6A /* FailedDeliveryBottomSheet.swift */; };
		80A7F2052BECD840001A984B /* AliasesViewModel.swift in Sources */ = {isa = PBXBuildFile; fileRef = 80A7F2042BECD840001A984B /* AliasesViewModel.swift */; };
		80A7F2072BECFA5B001A984B /* AliasRowView.swift in Sources */ = {isa = PBXBuildFile; fileRef = 80A7F2062BECFA5B001A984B /* AliasRowView.swift */; };
		80AC67082BFB586A004D227D /* EditAliasSendMailRecipientBottomSheet.swift in Sources */ = {isa = PBXBuildFile; fileRef = 80AC67072BFB586A004D227D /* EditAliasSendMailRecipientBottomSheet.swift */; };
		80AC670C2BFB5DC1004D227D /* AnonAddyUtils.swift in Sources */ = {isa = PBXBuildFile; fileRef = 80AC670B2BFB5DC1004D227D /* AnonAddyUtils.swift */; };
		80BB84182BF00ABF005999C3 /* MyAliasLabelStyle.swift in Sources */ = {isa = PBXBuildFile; fileRef = 80BB84172BF00ABF005999C3 /* MyAliasLabelStyle.swift */; };
		80CEC33E2C012E7600EC651F /* RecipientsViewModel.swift in Sources */ = {isa = PBXBuildFile; fileRef = 80CEC33D2C012E7600EC651F /* RecipientsViewModel.swift */; };
		80CEC3452C01354300EC651F /* RecipientsDetailView.swift in Sources */ = {isa = PBXBuildFile; fileRef = 80CEC3442C01354300EC651F /* RecipientsDetailView.swift */; };
		80D306022C079DF800C801EE /* ProfileBottomSheet.swift in Sources */ = {isa = PBXBuildFile; fileRef = 80D306012C079DF800C801EE /* ProfileBottomSheet.swift */; };
		80D4F2DB2C17084E00D313EC /* AppSettingsView.swift in Sources */ = {isa = PBXBuildFile; fileRef = 80D4F2DA2C17084E00D313EC /* AppSettingsView.swift */; };
		80D82DC42BE95BAF009440DC /* AddyLoadingButton.swift in Sources */ = {isa = PBXBuildFile; fileRef = 80D82DC12BE95BAF009440DC /* AddyLoadingButton.swift */; };
		80D82DC52BE95BAF009440DC /* AddyLoadingButtonStyle.swift in Sources */ = {isa = PBXBuildFile; fileRef = 80D82DC22BE95BAF009440DC /* AddyLoadingButtonStyle.swift */; };
		80D8C7A62BF3D4E700933ED8 /* AddyRoundedChipView.swift in Sources */ = {isa = PBXBuildFile; fileRef = 80D8C7A52BF3D4E700933ED8 /* AddyRoundedChipView.swift */; };
		80DB9DB32C0DC7F2002B6486 /* DomainsViewModel.swift in Sources */ = {isa = PBXBuildFile; fileRef = 80DB9DB22C0DC7F2002B6486 /* DomainsViewModel.swift */; };
		80DCF39F2BF1095B0022690F /* AddyToggle.swift in Sources */ = {isa = PBXBuildFile; fileRef = 80DCF39E2BF1095B0022690F /* AddyToggle.swift */; };
		80DCF3A22BF117720022690F /* AliasWatcher.swift in Sources */ = {isa = PBXBuildFile; fileRef = 80DCF3A12BF117720022690F /* AliasWatcher.swift */; };
		80DCF3AA2BF12DF00022690F /* NotificationHelper.swift in Sources */ = {isa = PBXBuildFile; fileRef = 80DCF3A92BF12DF00022690F /* NotificationHelper.swift */; };
		80DCF3AC2BF12E760022690F /* BackgroundWorkerHelper.swift in Sources */ = {isa = PBXBuildFile; fileRef = 80DCF3AB2BF12E760022690F /* BackgroundWorkerHelper.swift */; };
		80DCF3AE2BF1347F0022690F /* AddySection.swift in Sources */ = {isa = PBXBuildFile; fileRef = 80DCF3AD2BF1347F0022690F /* AddySection.swift */; };
		80DCF3B02BF137610022690F /* EditAliasDescriptionBottomSheet.swift in Sources */ = {isa = PBXBuildFile; fileRef = 80DCF3AF2BF137610022690F /* EditAliasDescriptionBottomSheet.swift */; };
		80E082642BF7D36700B51FB8 /* AddyBugFound.swift in Sources */ = {isa = PBXBuildFile; fileRef = 80E082632BF7D36700B51FB8 /* AddyBugFound.swift */; };
		80E082672BF7DA2B00B51FB8 /* AddApiBottomSheet.swift in Sources */ = {isa = PBXBuildFile; fileRef = 80E082662BF7DA2B00B51FB8 /* AddApiBottomSheet.swift */; };
		80E082692BF7DA8200B51FB8 /* FilterOptionsAliasBottomSheet.swift in Sources */ = {isa = PBXBuildFile; fileRef = 80E082682BF7DA8100B51FB8 /* FilterOptionsAliasBottomSheet.swift */; };
		80E0827B2BF7F03C00B51FB8 /* WrappingHStack in Frameworks */ = {isa = PBXBuildFile; productRef = 80E0827A2BF7F03C00B51FB8 /* WrappingHStack */; };
		80E194632BF8A9BB005175EA /* EditAliasRecipientsBottomSheet.swift in Sources */ = {isa = PBXBuildFile; fileRef = 80E194622BF8A9BB005175EA /* EditAliasRecipientsBottomSheet.swift */; };
		80E194652BF8AE0C005175EA /* AddyMultiSelectChipView.swift in Sources */ = {isa = PBXBuildFile; fileRef = 80E194642BF8AE0C005175EA /* AddyMultiSelectChipView.swift */; };
		80E1946A2BF8C840005175EA /* EditAliasFromNameBottomSheet.swift in Sources */ = {isa = PBXBuildFile; fileRef = 80E194692BF8C840005175EA /* EditAliasFromNameBottomSheet.swift */; };
		80E1946E2BF8DCE0005175EA /* AddySectionButton.swift in Sources */ = {isa = PBXBuildFile; fileRef = 80E1946D2BF8DCE0005175EA /* AddySectionButton.swift */; };
		80E512512C04EA5700B7537E /* AddRecipientPublicGpgKeyBottomSheet.swift in Sources */ = {isa = PBXBuildFile; fileRef = 80E512502C04EA5700B7537E /* AddRecipientPublicGpgKeyBottomSheet.swift */; };
		80E8499B2BEB73D900C8D68A /* MainView.swift in Sources */ = {isa = PBXBuildFile; fileRef = 80E8499A2BEB73D900C8D68A /* MainView.swift */; };
		80E8499F2BEB802D00C8D68A /* HomeView.swift in Sources */ = {isa = PBXBuildFile; fileRef = 80E8499E2BEB802D00C8D68A /* HomeView.swift */; };
		80E849A12BEB803400C8D68A /* AliasesView.swift in Sources */ = {isa = PBXBuildFile; fileRef = 80E849A02BEB803400C8D68A /* AliasesView.swift */; };
		80E849B02BEBA66100C8D68A /* ic_loading_logo_error.shapeshifter.json in Resources */ = {isa = PBXBuildFile; fileRef = 80E849AF2BEBA66100C8D68A /* ic_loading_logo_error.shapeshifter.json */; };
		80E849B32BEBA82A00C8D68A /* RecipientsView.swift in Sources */ = {isa = PBXBuildFile; fileRef = 80E849B22BEBA82A00C8D68A /* RecipientsView.swift */; };
		80E84A2F2BEC119500C8D68A /* AliasDetailView.swift in Sources */ = {isa = PBXBuildFile; fileRef = 80E84A2E2BEC119500C8D68A /* AliasDetailView.swift */; };
		80E9B22C2C0B238900C7EF99 /* UsernamesDetailView.swift in Sources */ = {isa = PBXBuildFile; fileRef = 80E9B2272C0B238900C7EF99 /* UsernamesDetailView.swift */; };
		80E9B22D2C0B238900C7EF99 /* AddUsernameBottomSheet.swift in Sources */ = {isa = PBXBuildFile; fileRef = 80E9B2292C0B238900C7EF99 /* AddUsernameBottomSheet.swift */; };
		80E9B22E2C0B238900C7EF99 /* UsernamesView.swift in Sources */ = {isa = PBXBuildFile; fileRef = 80E9B22A2C0B238900C7EF99 /* UsernamesView.swift */; };
		80E9B2302C0B63FA00C7EF99 /* UsernamesViewModel.swift in Sources */ = {isa = PBXBuildFile; fileRef = 80E9B22F2C0B63FA00C7EF99 /* UsernamesViewModel.swift */; };
		80E9B2342C0B7D2D00C7EF99 /* EditUsernameDescriptionBottomSheet.swift in Sources */ = {isa = PBXBuildFile; fileRef = 80E9B2332C0B7D2D00C7EF99 /* EditUsernameDescriptionBottomSheet.swift */; };
		80E9B2362C0B7E5C00C7EF99 /* EditUsernameFromNameBottomSheet.swift in Sources */ = {isa = PBXBuildFile; fileRef = 80E9B2352C0B7E5C00C7EF99 /* EditUsernameFromNameBottomSheet.swift */; };
		80E9B2382C0B80AF00C7EF99 /* EditUsernameRecipientsBottomSheet.swift in Sources */ = {isa = PBXBuildFile; fileRef = 80E9B2372C0B80AF00C7EF99 /* EditUsernameRecipientsBottomSheet.swift */; };
		80E9B23A2C0B9D8600C7EF99 /* GsonTools.swift in Sources */ = {isa = PBXBuildFile; fileRef = 80E9B2392C0B9D8600C7EF99 /* GsonTools.swift */; };
		80F0D7E72BF0EDF000D21194 /* gray_ic_loading_logo.shapeshifter.json in Resources */ = {isa = PBXBuildFile; fileRef = 80F0D7E62BF0EDF000D21194 /* gray_ic_loading_logo.shapeshifter.json */; };
		80F22F7F2BEE34EE001176B4 /* AxisLabels+Extension.swift in Sources */ = {isa = PBXBuildFile; fileRef = 80F22F362BEE34EE001176B4 /* AxisLabels+Extension.swift */; };
		80F22F802BEE34EE001176B4 /* AxisLabelsPosition.swift in Sources */ = {isa = PBXBuildFile; fileRef = 80F22F382BEE34EE001176B4 /* AxisLabelsPosition.swift */; };
		80F22F812BEE34EE001176B4 /* AxisLabelsStyle.swift in Sources */ = {isa = PBXBuildFile; fileRef = 80F22F392BEE34EE001176B4 /* AxisLabelsStyle.swift */; };
		80F22F822BEE34EE001176B4 /* AxisLablesData.swift in Sources */ = {isa = PBXBuildFile; fileRef = 80F22F3A2BEE34EE001176B4 /* AxisLablesData.swift */; };
		80F22F832BEE34EE001176B4 /* AxisLabels.swift in Sources */ = {isa = PBXBuildFile; fileRef = 80F22F3C2BEE34EE001176B4 /* AxisLabels.swift */; };
		80F22F852BEE34EE001176B4 /* ChartBase.swift in Sources */ = {isa = PBXBuildFile; fileRef = 80F22F402BEE34EE001176B4 /* ChartBase.swift */; };
		80F22F862BEE34EE001176B4 /* ChartData.swift in Sources */ = {isa = PBXBuildFile; fileRef = 80F22F412BEE34EE001176B4 /* ChartData.swift */; };
		80F22F872BEE34EE001176B4 /* ChartValue.swift in Sources */ = {isa = PBXBuildFile; fileRef = 80F22F422BEE34EE001176B4 /* ChartValue.swift */; };
		80F22F882BEE34EE001176B4 /* ViewGeometry.swift in Sources */ = {isa = PBXBuildFile; fileRef = 80F22F442BEE34EE001176B4 /* ViewGeometry.swift */; };
		80F22F892BEE34EE001176B4 /* ViewPreferenceKey.swift in Sources */ = {isa = PBXBuildFile; fileRef = 80F22F452BEE34EE001176B4 /* ViewPreferenceKey.swift */; };
		80F22F8A2BEE34EE001176B4 /* ViewSizeData.swift in Sources */ = {isa = PBXBuildFile; fileRef = 80F22F462BEE34EE001176B4 /* ViewSizeData.swift */; };
		80F22F8B2BEE34EE001176B4 /* Array+Extension.swift in Sources */ = {isa = PBXBuildFile; fileRef = 80F22F482BEE34EE001176B4 /* Array+Extension.swift */; };
		80F22F8C2BEE34EE001176B4 /* CGPoint+Extension.swift in Sources */ = {isa = PBXBuildFile; fileRef = 80F22F492BEE34EE001176B4 /* CGPoint+Extension.swift */; };
		80F22F8D2BEE34EE001176B4 /* CGRect+Extension.swift in Sources */ = {isa = PBXBuildFile; fileRef = 80F22F4A2BEE34EE001176B4 /* CGRect+Extension.swift */; };
		80F22F8E2BEE34EE001176B4 /* ChartBase+Extension.swift in Sources */ = {isa = PBXBuildFile; fileRef = 80F22F4B2BEE34EE001176B4 /* ChartBase+Extension.swift */; };
		80F22F8F2BEE34EE001176B4 /* Color+Extension.swift in Sources */ = {isa = PBXBuildFile; fileRef = 80F22F4C2BEE34EE001176B4 /* Color+Extension.swift */; };
		80F22F902BEE34EE001176B4 /* Path+QuadCurve.swift in Sources */ = {isa = PBXBuildFile; fileRef = 80F22F4D2BEE34EE001176B4 /* Path+QuadCurve.swift */; };
		80F22F912BEE34EE001176B4 /* Range+Extension.swift in Sources */ = {isa = PBXBuildFile; fileRef = 80F22F4E2BEE34EE001176B4 /* Range+Extension.swift */; };
		80F22F922BEE34EE001176B4 /* Shape+Extension.swift in Sources */ = {isa = PBXBuildFile; fileRef = 80F22F4F2BEE34EE001176B4 /* Shape+Extension.swift */; };
		80F22F932BEE34EE001176B4 /* View+Extension.swift in Sources */ = {isa = PBXBuildFile; fileRef = 80F22F502BEE34EE001176B4 /* View+Extension.swift */; };
		80F22F942BEE34EE001176B4 /* Grid+Extension.swift in Sources */ = {isa = PBXBuildFile; fileRef = 80F22F522BEE34EE001176B4 /* Grid+Extension.swift */; };
		80F22F952BEE34EE001176B4 /* GridOptions.swift in Sources */ = {isa = PBXBuildFile; fileRef = 80F22F542BEE34EE001176B4 /* GridOptions.swift */; };
		80F22F962BEE34EE001176B4 /* ChartGrid.swift in Sources */ = {isa = PBXBuildFile; fileRef = 80F22F562BEE34EE001176B4 /* ChartGrid.swift */; };
		80F22F972BEE34EE001176B4 /* ChartGridBaseShape.swift in Sources */ = {isa = PBXBuildFile; fileRef = 80F22F572BEE34EE001176B4 /* ChartGridBaseShape.swift */; };
		80F22F982BEE34EE001176B4 /* ChartGridShape.swift in Sources */ = {isa = PBXBuildFile; fileRef = 80F22F582BEE34EE001176B4 /* ChartGridShape.swift */; };
		80F22F992BEE34EE001176B4 /* ChartLabel.swift in Sources */ = {isa = PBXBuildFile; fileRef = 80F22F5A2BEE34EE001176B4 /* ChartLabel.swift */; };
		80F22F9A2BEE34EE001176B4 /* ChartStyle.swift in Sources */ = {isa = PBXBuildFile; fileRef = 80F22F5C2BEE34EE001176B4 /* ChartStyle.swift */; };
		80F22F9B2BEE34EE001176B4 /* ColorGradient.swift in Sources */ = {isa = PBXBuildFile; fileRef = 80F22F5D2BEE34EE001176B4 /* ColorGradient.swift */; };
		80F22F9C2BEE34EE001176B4 /* Colors.swift in Sources */ = {isa = PBXBuildFile; fileRef = 80F22F5E2BEE34EE001176B4 /* Colors.swift */; };
		80F22F9D2BEE34EE001176B4 /* BarChart.swift in Sources */ = {isa = PBXBuildFile; fileRef = 80F22F612BEE34EE001176B4 /* BarChart.swift */; };
		80F22F9E2BEE34EE001176B4 /* BarChartCell.swift in Sources */ = {isa = PBXBuildFile; fileRef = 80F22F622BEE34EE001176B4 /* BarChartCell.swift */; };
		80F22F9F2BEE34EE001176B4 /* BarChartCellShape.swift in Sources */ = {isa = PBXBuildFile; fileRef = 80F22F632BEE34EE001176B4 /* BarChartCellShape.swift */; };
		80F22FA02BEE34EE001176B4 /* BarChartRow.swift in Sources */ = {isa = PBXBuildFile; fileRef = 80F22F642BEE34EE001176B4 /* BarChartRow.swift */; };
		80F22FA12BEE34EE001176B4 /* LineChart+Extension.swift in Sources */ = {isa = PBXBuildFile; fileRef = 80F22F662BEE34EE001176B4 /* LineChart+Extension.swift */; };
		80F22FA22BEE34EE001176B4 /* LineChartProperties.swift in Sources */ = {isa = PBXBuildFile; fileRef = 80F22F682BEE34EE001176B4 /* LineChartProperties.swift */; };
		80F22FA32BEE34EE001176B4 /* LineStyle.swift in Sources */ = {isa = PBXBuildFile; fileRef = 80F22F692BEE34EE001176B4 /* LineStyle.swift */; };
		80F22FA42BEE34EE001176B4 /* IndicatorPoint.swift in Sources */ = {isa = PBXBuildFile; fileRef = 80F22F6B2BEE34EE001176B4 /* IndicatorPoint.swift */; };
		80F22FA52BEE34EE001176B4 /* Line.swift in Sources */ = {isa = PBXBuildFile; fileRef = 80F22F6C2BEE34EE001176B4 /* Line.swift */; };
		80F22FA62BEE34EE001176B4 /* LineBackgroundShape.swift in Sources */ = {isa = PBXBuildFile; fileRef = 80F22F6D2BEE34EE001176B4 /* LineBackgroundShape.swift */; };
		80F22FA72BEE34EE001176B4 /* LineBackgroundShapeView.swift in Sources */ = {isa = PBXBuildFile; fileRef = 80F22F6E2BEE34EE001176B4 /* LineBackgroundShapeView.swift */; };
		80F22FA82BEE34EE001176B4 /* LineChart.swift in Sources */ = {isa = PBXBuildFile; fileRef = 80F22F6F2BEE34EE001176B4 /* LineChart.swift */; };
		80F22FA92BEE34EE001176B4 /* LineShape.swift in Sources */ = {isa = PBXBuildFile; fileRef = 80F22F702BEE34EE001176B4 /* LineShape.swift */; };
		80F22FAA2BEE34EE001176B4 /* LineShapeView.swift in Sources */ = {isa = PBXBuildFile; fileRef = 80F22F712BEE34EE001176B4 /* LineShapeView.swift */; };
		80F22FAB2BEE34EE001176B4 /* MarkerShape.swift in Sources */ = {isa = PBXBuildFile; fileRef = 80F22F722BEE34EE001176B4 /* MarkerShape.swift */; };
		80F22FAC2BEE34EE001176B4 /* PieChart.swift in Sources */ = {isa = PBXBuildFile; fileRef = 80F22F742BEE34EE001176B4 /* PieChart.swift */; };
		80F22FAD2BEE34EE001176B4 /* PieChartCell.swift in Sources */ = {isa = PBXBuildFile; fileRef = 80F22F752BEE34EE001176B4 /* PieChartCell.swift */; };
		80F22FAE2BEE34EE001176B4 /* PieChartHelpers.swift in Sources */ = {isa = PBXBuildFile; fileRef = 80F22F762BEE34EE001176B4 /* PieChartHelpers.swift */; };
		80F22FAF2BEE34EE001176B4 /* PieChartRow.swift in Sources */ = {isa = PBXBuildFile; fileRef = 80F22F772BEE34EE001176B4 /* PieChartRow.swift */; };
		80F22FB02BEE34EE001176B4 /* Ring.swift in Sources */ = {isa = PBXBuildFile; fileRef = 80F22F792BEE34EE001176B4 /* Ring.swift */; };
		80F22FB12BEE34EE001176B4 /* RingsChart.swift in Sources */ = {isa = PBXBuildFile; fileRef = 80F22F7A2BEE34EE001176B4 /* RingsChart.swift */; };
		80F22FB22BEE34EE001176B4 /* RingsChartRow.swift in Sources */ = {isa = PBXBuildFile; fileRef = 80F22F7B2BEE34EE001176B4 /* RingsChartRow.swift */; };
		80F3C6642BFB6E6D0028A486 /* AddAliasBottomSheet.swift in Sources */ = {isa = PBXBuildFile; fileRef = 80F3C6632BFB6E6D0028A486 /* AddAliasBottomSheet.swift */; };
/* End PBXBuildFile section */

/* Begin PBXContainerItemProxy section */
		8001D9FE2BEA513500AAD10E /* PBXContainerItemProxy */ = {
			isa = PBXContainerItemProxy;
			containerPortal = 8001D9FA2BEA513500AAD10E /* addy_shared.xcodeproj */;
			proxyType = 2;
			remoteGlobalIDString = 8001D9F02BEA513500AAD10E;
			remoteInfo = addy_shared;
		};
/* End PBXContainerItemProxy section */

/* Begin PBXCopyFilesBuildPhase section */
		8001DA032BEA516000AAD10E /* Embed Frameworks */ = {
			isa = PBXCopyFilesBuildPhase;
			buildActionMask = 2147483647;
			dstPath = "";
			dstSubfolderSpec = 10;
			files = (
				807337F42BEA63A900D0D7E0 /* addy_shared.framework in Embed Frameworks */,
			);
			name = "Embed Frameworks";
			runOnlyForDeploymentPostprocessing = 0;
		};
/* End PBXCopyFilesBuildPhase section */

/* Begin PBXFileReference section */
		8001D9FA2BEA513500AAD10E /* addy_shared.xcodeproj */ = {isa = PBXFileReference; lastKnownFileType = "wrapper.pb-project"; name = addy_shared.xcodeproj; path = addy_shared/addy_shared/addy_shared.xcodeproj; sourceTree = "<group>"; };
		801B929E2BE8FF6800179EB5 /* Launch Screen.storyboard */ = {isa = PBXFileReference; lastKnownFileType = file.storyboard; path = "Launch Screen.storyboard"; sourceTree = "<group>"; };
		801B92A32BE90ACA00179EB5 /* Localizable.xcstrings */ = {isa = PBXFileReference; lastKnownFileType = text.json.xcstrings; path = Localizable.xcstrings; sourceTree = "<group>"; };
		80477DDD2C12225D00E52AF8 /* RulesView.swift */ = {isa = PBXFileReference; lastKnownFileType = sourcecode.swift; path = RulesView.swift; sourceTree = "<group>"; };
		80477DDF2C1222AE00E52AF8 /* RulesViewModel.swift */ = {isa = PBXFileReference; lastKnownFileType = sourcecode.swift; path = RulesViewModel.swift; sourceTree = "<group>"; };
		80477DE42C12261300E52AF8 /* CreateRulesView.swift */ = {isa = PBXFileReference; lastKnownFileType = sourcecode.swift; path = CreateRulesView.swift; sourceTree = "<group>"; };
		804BE7A52BE95715001DDC8A /* SetupOnboarding.swift */ = {isa = PBXFileReference; lastKnownFileType = sourcecode.swift; path = SetupOnboarding.swift; sourceTree = "<group>"; };
		804BE7A72BE95B49001DDC8A /* AddyButton.swift */ = {isa = PBXFileReference; fileEncoding = 4; lastKnownFileType = sourcecode.swift; path = AddyButton.swift; sourceTree = "<group>"; };
		804BE7A82BE95B49001DDC8A /* AddyButtonStyle.swift */ = {isa = PBXFileReference; fileEncoding = 4; lastKnownFileType = sourcecode.swift; path = AddyButtonStyle.swift; sourceTree = "<group>"; };
		805AFF762C08F52000B9E573 /* UnsupportedBottomSheet.swift */ = {isa = PBXFileReference; lastKnownFileType = sourcecode.swift; path = UnsupportedBottomSheet.swift; sourceTree = "<group>"; };
		8062CFDF2C1487B600EFFB4C /* ActionBottomSheet.swift */ = {isa = PBXFileReference; lastKnownFileType = sourcecode.swift; path = ActionBottomSheet.swift; sourceTree = "<group>"; };
		8062CFE12C149DCA00EFFB4C /* ConditionBottomSheet.swift */ = {isa = PBXFileReference; lastKnownFileType = sourcecode.swift; path = ConditionBottomSheet.swift; sourceTree = "<group>"; };
		806D5F242BE925C600C5C109 /* ic_loading_logo.shapeshifter.json */ = {isa = PBXFileReference; fileEncoding = 4; lastKnownFileType = text.json; path = ic_loading_logo.shapeshifter.json; sourceTree = "<group>"; };
		806D5F262BE92AB200C5C109 /* SetupView.swift */ = {isa = PBXFileReference; lastKnownFileType = sourcecode.swift; path = SetupView.swift; sourceTree = "<group>"; };
		806F212F2BE8F1B100EBEBC8 /* addy.app */ = {isa = PBXFileReference; explicitFileType = wrapper.application; includeInIndex = 0; path = addy.app; sourceTree = BUILT_PRODUCTS_DIR; };
		806F21322BE8F1B100EBEBC8 /* addyApp.swift */ = {isa = PBXFileReference; lastKnownFileType = sourcecode.swift; path = addyApp.swift; sourceTree = "<group>"; };
		806F21342BE8F1B100EBEBC8 /* SplashView.swift */ = {isa = PBXFileReference; lastKnownFileType = sourcecode.swift; path = SplashView.swift; sourceTree = "<group>"; };
		806F21382BE8F1B200EBEBC8 /* Assets.xcassets */ = {isa = PBXFileReference; lastKnownFileType = folder.assetcatalog; path = Assets.xcassets; sourceTree = "<group>"; };
		806F213B2BE8F1B200EBEBC8 /* Preview Assets.xcassets */ = {isa = PBXFileReference; lastKnownFileType = folder.assetcatalog; path = "Preview Assets.xcassets"; sourceTree = "<group>"; };
		807337FF2BEA7D3500D0D7E0 /* ValidatingFieldModel.swift */ = {isa = PBXFileReference; lastKnownFileType = sourcecode.swift; path = ValidatingFieldModel.swift; sourceTree = "<group>"; };
		807338022BEA81FC00D0D7E0 /* ValidatingTextField.swift */ = {isa = PBXFileReference; lastKnownFileType = sourcecode.swift; path = ValidatingTextField.swift; sourceTree = "<group>"; };
		807DB4822C1764620051DD8A /* AppearanceBottomSheet.swift */ = {isa = PBXFileReference; lastKnownFileType = sourcecode.swift; path = AppearanceBottomSheet.swift; sourceTree = "<group>"; };
		807E06842C04F290002A3D01 /* AddRecipientBottomSheet.swift */ = {isa = PBXFileReference; lastKnownFileType = sourcecode.swift; path = AddRecipientBottomSheet.swift; sourceTree = "<group>"; };
		80813B612C0DE1DA009C4E6A /* DomainsView.swift */ = {isa = PBXFileReference; lastKnownFileType = sourcecode.swift; path = DomainsView.swift; sourceTree = "<group>"; };
		80813B632C0DE1FF009C4E6A /* DomainsDetailView.swift */ = {isa = PBXFileReference; lastKnownFileType = sourcecode.swift; path = DomainsDetailView.swift; sourceTree = "<group>"; };
		80813B652C0DE21A009C4E6A /* EditDomainDescriptionBottomSheet.swift */ = {isa = PBXFileReference; lastKnownFileType = sourcecode.swift; path = EditDomainDescriptionBottomSheet.swift; sourceTree = "<group>"; };
		80813B672C0DE234009C4E6A /* EditDomainFromNameBottomSheet.swift */ = {isa = PBXFileReference; lastKnownFileType = sourcecode.swift; path = EditDomainFromNameBottomSheet.swift; sourceTree = "<group>"; };
		80813B692C0DE24C009C4E6A /* EditDomainRecipientsBottomSheet.swift */ = {isa = PBXFileReference; lastKnownFileType = sourcecode.swift; path = EditDomainRecipientsBottomSheet.swift; sourceTree = "<group>"; };
		80813B6B2C0DE288009C4E6A /* AddDomainBottomSheet.swift */ = {isa = PBXFileReference; lastKnownFileType = sourcecode.swift; path = AddDomainBottomSheet.swift; sourceTree = "<group>"; };
		80813B6D2C0DF23B009C4E6A /* FailedDeliveriesView.swift */ = {isa = PBXFileReference; lastKnownFileType = sourcecode.swift; path = FailedDeliveriesView.swift; sourceTree = "<group>"; };
		80813B702C0DF2EF009C4E6A /* FailedDeliveriesViewModel.swift */ = {isa = PBXFileReference; lastKnownFileType = sourcecode.swift; path = FailedDeliveriesViewModel.swift; sourceTree = "<group>"; };
		80813B742C0DF592009C4E6A /* FailedDeliveryBottomSheet.swift */ = {isa = PBXFileReference; lastKnownFileType = sourcecode.swift; path = FailedDeliveryBottomSheet.swift; sourceTree = "<group>"; };
		80A7F2042BECD840001A984B /* AliasesViewModel.swift */ = {isa = PBXFileReference; lastKnownFileType = sourcecode.swift; path = AliasesViewModel.swift; sourceTree = "<group>"; };
		80A7F2062BECFA5B001A984B /* AliasRowView.swift */ = {isa = PBXFileReference; lastKnownFileType = sourcecode.swift; path = AliasRowView.swift; sourceTree = "<group>"; };
		80AC67072BFB586A004D227D /* EditAliasSendMailRecipientBottomSheet.swift */ = {isa = PBXFileReference; lastKnownFileType = sourcecode.swift; path = EditAliasSendMailRecipientBottomSheet.swift; sourceTree = "<group>"; };
		80AC670B2BFB5DC1004D227D /* AnonAddyUtils.swift */ = {isa = PBXFileReference; lastKnownFileType = sourcecode.swift; path = AnonAddyUtils.swift; sourceTree = "<group>"; };
		80BB84172BF00ABF005999C3 /* MyAliasLabelStyle.swift */ = {isa = PBXFileReference; lastKnownFileType = sourcecode.swift; path = MyAliasLabelStyle.swift; sourceTree = "<group>"; };
		80CEC33D2C012E7600EC651F /* RecipientsViewModel.swift */ = {isa = PBXFileReference; lastKnownFileType = sourcecode.swift; path = RecipientsViewModel.swift; sourceTree = "<group>"; };
		80CEC3442C01354300EC651F /* RecipientsDetailView.swift */ = {isa = PBXFileReference; lastKnownFileType = sourcecode.swift; path = RecipientsDetailView.swift; sourceTree = "<group>"; };
		80D306012C079DF800C801EE /* ProfileBottomSheet.swift */ = {isa = PBXFileReference; lastKnownFileType = sourcecode.swift; path = ProfileBottomSheet.swift; sourceTree = "<group>"; };
		80D4F2DA2C17084E00D313EC /* AppSettingsView.swift */ = {isa = PBXFileReference; lastKnownFileType = sourcecode.swift; path = AppSettingsView.swift; sourceTree = "<group>"; };
		80D82DC12BE95BAF009440DC /* AddyLoadingButton.swift */ = {isa = PBXFileReference; fileEncoding = 4; lastKnownFileType = sourcecode.swift; path = AddyLoadingButton.swift; sourceTree = "<group>"; };
		80D82DC22BE95BAF009440DC /* AddyLoadingButtonStyle.swift */ = {isa = PBXFileReference; fileEncoding = 4; lastKnownFileType = sourcecode.swift; path = AddyLoadingButtonStyle.swift; sourceTree = "<group>"; };
		80D8C7A52BF3D4E700933ED8 /* AddyRoundedChipView.swift */ = {isa = PBXFileReference; lastKnownFileType = sourcecode.swift; path = AddyRoundedChipView.swift; sourceTree = "<group>"; };
		80DB9DB22C0DC7F2002B6486 /* DomainsViewModel.swift */ = {isa = PBXFileReference; lastKnownFileType = sourcecode.swift; path = DomainsViewModel.swift; sourceTree = "<group>"; };
		80DCF39E2BF1095B0022690F /* AddyToggle.swift */ = {isa = PBXFileReference; lastKnownFileType = sourcecode.swift; path = AddyToggle.swift; sourceTree = "<group>"; };
		80DCF3A12BF117720022690F /* AliasWatcher.swift */ = {isa = PBXFileReference; lastKnownFileType = sourcecode.swift; path = AliasWatcher.swift; sourceTree = "<group>"; };
		80DCF3A92BF12DF00022690F /* NotificationHelper.swift */ = {isa = PBXFileReference; fileEncoding = 4; lastKnownFileType = sourcecode.swift; path = NotificationHelper.swift; sourceTree = "<group>"; };
		80DCF3AB2BF12E760022690F /* BackgroundWorkerHelper.swift */ = {isa = PBXFileReference; lastKnownFileType = sourcecode.swift; path = BackgroundWorkerHelper.swift; sourceTree = "<group>"; };
		80DCF3AD2BF1347F0022690F /* AddySection.swift */ = {isa = PBXFileReference; lastKnownFileType = sourcecode.swift; path = AddySection.swift; sourceTree = "<group>"; };
		80DCF3AF2BF137610022690F /* EditAliasDescriptionBottomSheet.swift */ = {isa = PBXFileReference; lastKnownFileType = sourcecode.swift; path = EditAliasDescriptionBottomSheet.swift; sourceTree = "<group>"; };
		80E082632BF7D36700B51FB8 /* AddyBugFound.swift */ = {isa = PBXFileReference; lastKnownFileType = sourcecode.swift; path = AddyBugFound.swift; sourceTree = "<group>"; };
		80E082662BF7DA2B00B51FB8 /* AddApiBottomSheet.swift */ = {isa = PBXFileReference; lastKnownFileType = sourcecode.swift; path = AddApiBottomSheet.swift; sourceTree = "<group>"; };
		80E082682BF7DA8100B51FB8 /* FilterOptionsAliasBottomSheet.swift */ = {isa = PBXFileReference; lastKnownFileType = sourcecode.swift; path = FilterOptionsAliasBottomSheet.swift; sourceTree = "<group>"; };
		80E194622BF8A9BB005175EA /* EditAliasRecipientsBottomSheet.swift */ = {isa = PBXFileReference; lastKnownFileType = sourcecode.swift; path = EditAliasRecipientsBottomSheet.swift; sourceTree = "<group>"; };
		80E194642BF8AE0C005175EA /* AddyMultiSelectChipView.swift */ = {isa = PBXFileReference; lastKnownFileType = sourcecode.swift; path = AddyMultiSelectChipView.swift; sourceTree = "<group>"; };
		80E194692BF8C840005175EA /* EditAliasFromNameBottomSheet.swift */ = {isa = PBXFileReference; lastKnownFileType = sourcecode.swift; path = EditAliasFromNameBottomSheet.swift; sourceTree = "<group>"; };
		80E1946D2BF8DCE0005175EA /* AddySectionButton.swift */ = {isa = PBXFileReference; lastKnownFileType = sourcecode.swift; path = AddySectionButton.swift; sourceTree = "<group>"; };
		80E512502C04EA5700B7537E /* AddRecipientPublicGpgKeyBottomSheet.swift */ = {isa = PBXFileReference; lastKnownFileType = sourcecode.swift; path = AddRecipientPublicGpgKeyBottomSheet.swift; sourceTree = "<group>"; };
		80E8499A2BEB73D900C8D68A /* MainView.swift */ = {isa = PBXFileReference; lastKnownFileType = sourcecode.swift; path = MainView.swift; sourceTree = "<group>"; };
		80E8499E2BEB802D00C8D68A /* HomeView.swift */ = {isa = PBXFileReference; lastKnownFileType = sourcecode.swift; path = HomeView.swift; sourceTree = "<group>"; };
		80E849A02BEB803400C8D68A /* AliasesView.swift */ = {isa = PBXFileReference; lastKnownFileType = sourcecode.swift; path = AliasesView.swift; sourceTree = "<group>"; };
		80E849AF2BEBA66100C8D68A /* ic_loading_logo_error.shapeshifter.json */ = {isa = PBXFileReference; fileEncoding = 4; lastKnownFileType = text.json; path = ic_loading_logo_error.shapeshifter.json; sourceTree = "<group>"; };
		80E849B22BEBA82A00C8D68A /* RecipientsView.swift */ = {isa = PBXFileReference; lastKnownFileType = sourcecode.swift; path = RecipientsView.swift; sourceTree = "<group>"; };
		80E84A2E2BEC119500C8D68A /* AliasDetailView.swift */ = {isa = PBXFileReference; lastKnownFileType = sourcecode.swift; path = AliasDetailView.swift; sourceTree = "<group>"; };
		80E9B2272C0B238900C7EF99 /* UsernamesDetailView.swift */ = {isa = PBXFileReference; fileEncoding = 4; lastKnownFileType = sourcecode.swift; path = UsernamesDetailView.swift; sourceTree = "<group>"; };
		80E9B2292C0B238900C7EF99 /* AddUsernameBottomSheet.swift */ = {isa = PBXFileReference; fileEncoding = 4; lastKnownFileType = sourcecode.swift; path = AddUsernameBottomSheet.swift; sourceTree = "<group>"; };
		80E9B22A2C0B238900C7EF99 /* UsernamesView.swift */ = {isa = PBXFileReference; fileEncoding = 4; lastKnownFileType = sourcecode.swift; path = UsernamesView.swift; sourceTree = "<group>"; };
		80E9B22F2C0B63FA00C7EF99 /* UsernamesViewModel.swift */ = {isa = PBXFileReference; lastKnownFileType = sourcecode.swift; path = UsernamesViewModel.swift; sourceTree = "<group>"; };
		80E9B2332C0B7D2D00C7EF99 /* EditUsernameDescriptionBottomSheet.swift */ = {isa = PBXFileReference; lastKnownFileType = sourcecode.swift; path = EditUsernameDescriptionBottomSheet.swift; sourceTree = "<group>"; };
		80E9B2352C0B7E5C00C7EF99 /* EditUsernameFromNameBottomSheet.swift */ = {isa = PBXFileReference; lastKnownFileType = sourcecode.swift; path = EditUsernameFromNameBottomSheet.swift; sourceTree = "<group>"; };
		80E9B2372C0B80AF00C7EF99 /* EditUsernameRecipientsBottomSheet.swift */ = {isa = PBXFileReference; lastKnownFileType = sourcecode.swift; path = EditUsernameRecipientsBottomSheet.swift; sourceTree = "<group>"; };
		80E9B2392C0B9D8600C7EF99 /* GsonTools.swift */ = {isa = PBXFileReference; fileEncoding = 4; lastKnownFileType = sourcecode.swift; path = GsonTools.swift; sourceTree = "<group>"; };
		80F0D7E62BF0EDF000D21194 /* gray_ic_loading_logo.shapeshifter.json */ = {isa = PBXFileReference; fileEncoding = 4; lastKnownFileType = text.json; path = gray_ic_loading_logo.shapeshifter.json; sourceTree = "<group>"; };
		80F22F362BEE34EE001176B4 /* AxisLabels+Extension.swift */ = {isa = PBXFileReference; fileEncoding = 4; lastKnownFileType = sourcecode.swift; path = "AxisLabels+Extension.swift"; sourceTree = "<group>"; };
		80F22F382BEE34EE001176B4 /* AxisLabelsPosition.swift */ = {isa = PBXFileReference; fileEncoding = 4; lastKnownFileType = sourcecode.swift; path = AxisLabelsPosition.swift; sourceTree = "<group>"; };
		80F22F392BEE34EE001176B4 /* AxisLabelsStyle.swift */ = {isa = PBXFileReference; fileEncoding = 4; lastKnownFileType = sourcecode.swift; path = AxisLabelsStyle.swift; sourceTree = "<group>"; };
		80F22F3A2BEE34EE001176B4 /* AxisLablesData.swift */ = {isa = PBXFileReference; fileEncoding = 4; lastKnownFileType = sourcecode.swift; path = AxisLablesData.swift; sourceTree = "<group>"; };
		80F22F3C2BEE34EE001176B4 /* AxisLabels.swift */ = {isa = PBXFileReference; fileEncoding = 4; lastKnownFileType = sourcecode.swift; path = AxisLabels.swift; sourceTree = "<group>"; };
		80F22F402BEE34EE001176B4 /* ChartBase.swift */ = {isa = PBXFileReference; fileEncoding = 4; lastKnownFileType = sourcecode.swift; path = ChartBase.swift; sourceTree = "<group>"; };
		80F22F412BEE34EE001176B4 /* ChartData.swift */ = {isa = PBXFileReference; fileEncoding = 4; lastKnownFileType = sourcecode.swift; path = ChartData.swift; sourceTree = "<group>"; };
		80F22F422BEE34EE001176B4 /* ChartValue.swift */ = {isa = PBXFileReference; fileEncoding = 4; lastKnownFileType = sourcecode.swift; path = ChartValue.swift; sourceTree = "<group>"; };
		80F22F442BEE34EE001176B4 /* ViewGeometry.swift */ = {isa = PBXFileReference; fileEncoding = 4; lastKnownFileType = sourcecode.swift; path = ViewGeometry.swift; sourceTree = "<group>"; };
		80F22F452BEE34EE001176B4 /* ViewPreferenceKey.swift */ = {isa = PBXFileReference; fileEncoding = 4; lastKnownFileType = sourcecode.swift; path = ViewPreferenceKey.swift; sourceTree = "<group>"; };
		80F22F462BEE34EE001176B4 /* ViewSizeData.swift */ = {isa = PBXFileReference; fileEncoding = 4; lastKnownFileType = sourcecode.swift; path = ViewSizeData.swift; sourceTree = "<group>"; };
		80F22F482BEE34EE001176B4 /* Array+Extension.swift */ = {isa = PBXFileReference; fileEncoding = 4; lastKnownFileType = sourcecode.swift; path = "Array+Extension.swift"; sourceTree = "<group>"; };
		80F22F492BEE34EE001176B4 /* CGPoint+Extension.swift */ = {isa = PBXFileReference; fileEncoding = 4; lastKnownFileType = sourcecode.swift; path = "CGPoint+Extension.swift"; sourceTree = "<group>"; };
		80F22F4A2BEE34EE001176B4 /* CGRect+Extension.swift */ = {isa = PBXFileReference; fileEncoding = 4; lastKnownFileType = sourcecode.swift; path = "CGRect+Extension.swift"; sourceTree = "<group>"; };
		80F22F4B2BEE34EE001176B4 /* ChartBase+Extension.swift */ = {isa = PBXFileReference; fileEncoding = 4; lastKnownFileType = sourcecode.swift; path = "ChartBase+Extension.swift"; sourceTree = "<group>"; };
		80F22F4C2BEE34EE001176B4 /* Color+Extension.swift */ = {isa = PBXFileReference; fileEncoding = 4; lastKnownFileType = sourcecode.swift; path = "Color+Extension.swift"; sourceTree = "<group>"; };
		80F22F4D2BEE34EE001176B4 /* Path+QuadCurve.swift */ = {isa = PBXFileReference; fileEncoding = 4; lastKnownFileType = sourcecode.swift; path = "Path+QuadCurve.swift"; sourceTree = "<group>"; };
		80F22F4E2BEE34EE001176B4 /* Range+Extension.swift */ = {isa = PBXFileReference; fileEncoding = 4; lastKnownFileType = sourcecode.swift; path = "Range+Extension.swift"; sourceTree = "<group>"; };
		80F22F4F2BEE34EE001176B4 /* Shape+Extension.swift */ = {isa = PBXFileReference; fileEncoding = 4; lastKnownFileType = sourcecode.swift; path = "Shape+Extension.swift"; sourceTree = "<group>"; };
		80F22F502BEE34EE001176B4 /* View+Extension.swift */ = {isa = PBXFileReference; fileEncoding = 4; lastKnownFileType = sourcecode.swift; path = "View+Extension.swift"; sourceTree = "<group>"; };
		80F22F522BEE34EE001176B4 /* Grid+Extension.swift */ = {isa = PBXFileReference; fileEncoding = 4; lastKnownFileType = sourcecode.swift; path = "Grid+Extension.swift"; sourceTree = "<group>"; };
		80F22F542BEE34EE001176B4 /* GridOptions.swift */ = {isa = PBXFileReference; fileEncoding = 4; lastKnownFileType = sourcecode.swift; path = GridOptions.swift; sourceTree = "<group>"; };
		80F22F562BEE34EE001176B4 /* ChartGrid.swift */ = {isa = PBXFileReference; fileEncoding = 4; lastKnownFileType = sourcecode.swift; path = ChartGrid.swift; sourceTree = "<group>"; };
		80F22F572BEE34EE001176B4 /* ChartGridBaseShape.swift */ = {isa = PBXFileReference; fileEncoding = 4; lastKnownFileType = sourcecode.swift; path = ChartGridBaseShape.swift; sourceTree = "<group>"; };
		80F22F582BEE34EE001176B4 /* ChartGridShape.swift */ = {isa = PBXFileReference; fileEncoding = 4; lastKnownFileType = sourcecode.swift; path = ChartGridShape.swift; sourceTree = "<group>"; };
		80F22F5A2BEE34EE001176B4 /* ChartLabel.swift */ = {isa = PBXFileReference; fileEncoding = 4; lastKnownFileType = sourcecode.swift; path = ChartLabel.swift; sourceTree = "<group>"; };
		80F22F5C2BEE34EE001176B4 /* ChartStyle.swift */ = {isa = PBXFileReference; fileEncoding = 4; lastKnownFileType = sourcecode.swift; path = ChartStyle.swift; sourceTree = "<group>"; };
		80F22F5D2BEE34EE001176B4 /* ColorGradient.swift */ = {isa = PBXFileReference; fileEncoding = 4; lastKnownFileType = sourcecode.swift; path = ColorGradient.swift; sourceTree = "<group>"; };
		80F22F5E2BEE34EE001176B4 /* Colors.swift */ = {isa = PBXFileReference; fileEncoding = 4; lastKnownFileType = sourcecode.swift; path = Colors.swift; sourceTree = "<group>"; };
		80F22F612BEE34EE001176B4 /* BarChart.swift */ = {isa = PBXFileReference; fileEncoding = 4; lastKnownFileType = sourcecode.swift; path = BarChart.swift; sourceTree = "<group>"; };
		80F22F622BEE34EE001176B4 /* BarChartCell.swift */ = {isa = PBXFileReference; fileEncoding = 4; lastKnownFileType = sourcecode.swift; path = BarChartCell.swift; sourceTree = "<group>"; };
		80F22F632BEE34EE001176B4 /* BarChartCellShape.swift */ = {isa = PBXFileReference; fileEncoding = 4; lastKnownFileType = sourcecode.swift; path = BarChartCellShape.swift; sourceTree = "<group>"; };
		80F22F642BEE34EE001176B4 /* BarChartRow.swift */ = {isa = PBXFileReference; fileEncoding = 4; lastKnownFileType = sourcecode.swift; path = BarChartRow.swift; sourceTree = "<group>"; };
		80F22F662BEE34EE001176B4 /* LineChart+Extension.swift */ = {isa = PBXFileReference; fileEncoding = 4; lastKnownFileType = sourcecode.swift; path = "LineChart+Extension.swift"; sourceTree = "<group>"; };
		80F22F682BEE34EE001176B4 /* LineChartProperties.swift */ = {isa = PBXFileReference; fileEncoding = 4; lastKnownFileType = sourcecode.swift; path = LineChartProperties.swift; sourceTree = "<group>"; };
		80F22F692BEE34EE001176B4 /* LineStyle.swift */ = {isa = PBXFileReference; fileEncoding = 4; lastKnownFileType = sourcecode.swift; path = LineStyle.swift; sourceTree = "<group>"; };
		80F22F6B2BEE34EE001176B4 /* IndicatorPoint.swift */ = {isa = PBXFileReference; fileEncoding = 4; lastKnownFileType = sourcecode.swift; path = IndicatorPoint.swift; sourceTree = "<group>"; };
		80F22F6C2BEE34EE001176B4 /* Line.swift */ = {isa = PBXFileReference; fileEncoding = 4; lastKnownFileType = sourcecode.swift; path = Line.swift; sourceTree = "<group>"; };
		80F22F6D2BEE34EE001176B4 /* LineBackgroundShape.swift */ = {isa = PBXFileReference; fileEncoding = 4; lastKnownFileType = sourcecode.swift; path = LineBackgroundShape.swift; sourceTree = "<group>"; };
		80F22F6E2BEE34EE001176B4 /* LineBackgroundShapeView.swift */ = {isa = PBXFileReference; fileEncoding = 4; lastKnownFileType = sourcecode.swift; path = LineBackgroundShapeView.swift; sourceTree = "<group>"; };
		80F22F6F2BEE34EE001176B4 /* LineChart.swift */ = {isa = PBXFileReference; fileEncoding = 4; lastKnownFileType = sourcecode.swift; path = LineChart.swift; sourceTree = "<group>"; };
		80F22F702BEE34EE001176B4 /* LineShape.swift */ = {isa = PBXFileReference; fileEncoding = 4; lastKnownFileType = sourcecode.swift; path = LineShape.swift; sourceTree = "<group>"; };
		80F22F712BEE34EE001176B4 /* LineShapeView.swift */ = {isa = PBXFileReference; fileEncoding = 4; lastKnownFileType = sourcecode.swift; path = LineShapeView.swift; sourceTree = "<group>"; };
		80F22F722BEE34EE001176B4 /* MarkerShape.swift */ = {isa = PBXFileReference; fileEncoding = 4; lastKnownFileType = sourcecode.swift; path = MarkerShape.swift; sourceTree = "<group>"; };
		80F22F742BEE34EE001176B4 /* PieChart.swift */ = {isa = PBXFileReference; fileEncoding = 4; lastKnownFileType = sourcecode.swift; path = PieChart.swift; sourceTree = "<group>"; };
		80F22F752BEE34EE001176B4 /* PieChartCell.swift */ = {isa = PBXFileReference; fileEncoding = 4; lastKnownFileType = sourcecode.swift; path = PieChartCell.swift; sourceTree = "<group>"; };
		80F22F762BEE34EE001176B4 /* PieChartHelpers.swift */ = {isa = PBXFileReference; fileEncoding = 4; lastKnownFileType = sourcecode.swift; path = PieChartHelpers.swift; sourceTree = "<group>"; };
		80F22F772BEE34EE001176B4 /* PieChartRow.swift */ = {isa = PBXFileReference; fileEncoding = 4; lastKnownFileType = sourcecode.swift; path = PieChartRow.swift; sourceTree = "<group>"; };
		80F22F792BEE34EE001176B4 /* Ring.swift */ = {isa = PBXFileReference; fileEncoding = 4; lastKnownFileType = sourcecode.swift; path = Ring.swift; sourceTree = "<group>"; };
		80F22F7A2BEE34EE001176B4 /* RingsChart.swift */ = {isa = PBXFileReference; fileEncoding = 4; lastKnownFileType = sourcecode.swift; path = RingsChart.swift; sourceTree = "<group>"; };
		80F22F7B2BEE34EE001176B4 /* RingsChartRow.swift */ = {isa = PBXFileReference; fileEncoding = 4; lastKnownFileType = sourcecode.swift; path = RingsChartRow.swift; sourceTree = "<group>"; };
		80F3C6632BFB6E6D0028A486 /* AddAliasBottomSheet.swift */ = {isa = PBXFileReference; lastKnownFileType = sourcecode.swift; path = AddAliasBottomSheet.swift; sourceTree = "<group>"; };
/* End PBXFileReference section */

/* Begin PBXFrameworksBuildPhase section */
		806F212C2BE8F1B100EBEBC8 /* Frameworks */ = {
			isa = PBXFrameworksBuildPhase;
			buildActionMask = 2147483647;
			files = (
				80E0827B2BF7F03C00B51FB8 /* WrappingHStack in Frameworks */,
				8001D9D22BEA1E3600AAD10E /* CodeScanner in Frameworks */,
				8001DA012BEA516000AAD10E /* addy_shared.framework in Frameworks */,
				801B92A22BE905BB00179EB5 /* Lottie in Frameworks */,
			);
			runOnlyForDeploymentPostprocessing = 0;
		};
/* End PBXFrameworksBuildPhase section */

/* Begin PBXGroup section */
		8001D9FB2BEA513500AAD10E /* Products */ = {
			isa = PBXGroup;
			children = (
				8001D9FF2BEA513500AAD10E /* addy_shared.framework */,
			);
			name = Products;
			sourceTree = "<group>";
		};
		8001DA002BEA515C00AAD10E /* Frameworks */ = {
			isa = PBXGroup;
			children = (
			);
			name = Frameworks;
			sourceTree = "<group>";
		};
		801B92A52BE9128500179EB5 /* View */ = {
			isa = PBXGroup;
			children = (
				80D4F2D92C17083A00D313EC /* appsettings */,
				80477DDC2C12224F00E52AF8 /* rules */,
				80813B6F2C0DF288009C4E6A /* faileddeliveries */,
				80DB9DB02C0DC678002B6486 /* domains */,
				80E9B22B2C0B238900C7EF99 /* usernames */,
				80E849992BEB73CE00C8D68A /* mainview */,
				806D5F352BE9520200C5C109 /* setup */,
				806F21342BE8F1B100EBEBC8 /* SplashView.swift */,
				805AFF762C08F52000B9E573 /* UnsupportedBottomSheet.swift */,
				801B929E2BE8FF6800179EB5 /* Launch Screen.storyboard */,
				806F21322BE8F1B100EBEBC8 /* addyApp.swift */,
			);
			path = View;
			sourceTree = "<group>";
		};
		80477DDC2C12224F00E52AF8 /* rules */ = {
			isa = PBXGroup;
			children = (
				80477DE32C12260700E52AF8 /* manage */,
				80477DDD2C12225D00E52AF8 /* RulesView.swift */,
			);
			path = rules;
			sourceTree = "<group>";
		};
		80477DE32C12260700E52AF8 /* manage */ = {
			isa = PBXGroup;
			children = (
				80477DE42C12261300E52AF8 /* CreateRulesView.swift */,
				8062CFDF2C1487B600EFFB4C /* ActionBottomSheet.swift */,
				8062CFE12C149DCA00EFFB4C /* ConditionBottomSheet.swift */,
			);
			path = manage;
			sourceTree = "<group>";
		};
		804BE7A92BE95B49001DDC8A /* AddyButton */ = {
			isa = PBXGroup;
			children = (
				804BE7A72BE95B49001DDC8A /* AddyButton.swift */,
				804BE7A82BE95B49001DDC8A /* AddyButtonStyle.swift */,
			);
			path = AddyButton;
			sourceTree = "<group>";
		};
		806D5F1B2BE91B9700C5C109 /* anims */ = {
			isa = PBXGroup;
			children = (
				80F0D7E62BF0EDF000D21194 /* gray_ic_loading_logo.shapeshifter.json */,
				80E849AF2BEBA66100C8D68A /* ic_loading_logo_error.shapeshifter.json */,
				806D5F242BE925C600C5C109 /* ic_loading_logo.shapeshifter.json */,
			);
			path = anims;
			sourceTree = "<group>";
		};
		806D5F2B2BE94C3F00C5C109 /* customviews */ = {
			isa = PBXGroup;
			children = (
				80F22F352BEE34E1001176B4 /* dependencies */,
				807338012BEA81DA00D0D7E0 /* ValidatingTextField */,
				80D82DC32BE95BAF009440DC /* AddyLoadingButton */,
				804BE7A92BE95B49001DDC8A /* AddyButton */,
				80DCF39E2BF1095B0022690F /* AddyToggle.swift */,
				80DCF3AD2BF1347F0022690F /* AddySection.swift */,
				80E1946D2BF8DCE0005175EA /* AddySectionButton.swift */,
				80D8C7A52BF3D4E700933ED8 /* AddyRoundedChipView.swift */,
				80E194642BF8AE0C005175EA /* AddyMultiSelectChipView.swift */,
				80E082632BF7D36700B51FB8 /* AddyBugFound.swift */,
			);
			path = customviews;
			sourceTree = "<group>";
		};
		806D5F352BE9520200C5C109 /* setup */ = {
			isa = PBXGroup;
			children = (
				80E082662BF7DA2B00B51FB8 /* AddApiBottomSheet.swift */,
				806D5F262BE92AB200C5C109 /* SetupView.swift */,
				804BE7A52BE95715001DDC8A /* SetupOnboarding.swift */,
			);
			path = setup;
			sourceTree = "<group>";
		};
		806F21262BE8F1B100EBEBC8 = {
			isa = PBXGroup;
			children = (
				8001D9FA2BEA513500AAD10E /* addy_shared.xcodeproj */,
				806F21312BE8F1B100EBEBC8 /* addy */,
				806F21302BE8F1B100EBEBC8 /* Products */,
				8001DA002BEA515C00AAD10E /* Frameworks */,
			);
			sourceTree = "<group>";
		};
		806F21302BE8F1B100EBEBC8 /* Products */ = {
			isa = PBXGroup;
			children = (
				806F212F2BE8F1B100EBEBC8 /* addy.app */,
			);
			name = Products;
			sourceTree = "<group>";
		};
		806F21312BE8F1B100EBEBC8 /* addy */ = {
			isa = PBXGroup;
			children = (
				80AC67092BFB5DAC004D227D /* utils */,
				80DCF3A82BF12DEA0022690F /* notification */,
				80DCF3A32BF118900022690F /* helpers */,
				80DCF3A02BF117680022690F /* service */,
				80BB84162BF00AAF005999C3 /* styles */,
				80A7F2012BECD7D3001A984B /* ViewModel */,
				806D5F1B2BE91B9700C5C109 /* anims */,
				801B92A52BE9128500179EB5 /* View */,
				806F21382BE8F1B200EBEBC8 /* Assets.xcassets */,
				806F213A2BE8F1B200EBEBC8 /* Preview Content */,
				801B92A32BE90ACA00179EB5 /* Localizable.xcstrings */,
			);
			path = addy;
			sourceTree = "<group>";
		};
		806F213A2BE8F1B200EBEBC8 /* Preview Content */ = {
			isa = PBXGroup;
			children = (
				806F213B2BE8F1B200EBEBC8 /* Preview Assets.xcassets */,
			);
			path = "Preview Content";
			sourceTree = "<group>";
		};
		807337FE2BEA7D1D00D0D7E0 /* models */ = {
			isa = PBXGroup;
			children = (
				807337FF2BEA7D3500D0D7E0 /* ValidatingFieldModel.swift */,
			);
			path = models;
			sourceTree = "<group>";
		};
		807338012BEA81DA00D0D7E0 /* ValidatingTextField */ = {
			isa = PBXGroup;
			children = (
				807337FE2BEA7D1D00D0D7E0 /* models */,
				807338022BEA81FC00D0D7E0 /* ValidatingTextField.swift */,
			);
			path = ValidatingTextField;
			sourceTree = "<group>";
		};
		80813B6F2C0DF288009C4E6A /* faileddeliveries */ = {
			isa = PBXGroup;
			children = (
				80813B6D2C0DF23B009C4E6A /* FailedDeliveriesView.swift */,
				80813B742C0DF592009C4E6A /* FailedDeliveryBottomSheet.swift */,
			);
			path = faileddeliveries;
			sourceTree = "<group>";
		};
		80A7F2012BECD7D3001A984B /* ViewModel */ = {
			isa = PBXGroup;
			children = (
				80DB9DB22C0DC7F2002B6486 /* DomainsViewModel.swift */,
				80813B702C0DF2EF009C4E6A /* FailedDeliveriesViewModel.swift */,
				80CEC33D2C012E7600EC651F /* RecipientsViewModel.swift */,
				80E9B22F2C0B63FA00C7EF99 /* UsernamesViewModel.swift */,
				80A7F2042BECD840001A984B /* AliasesViewModel.swift */,
				80477DDF2C1222AE00E52AF8 /* RulesViewModel.swift */,
			);
			path = ViewModel;
			sourceTree = "<group>";
		};
		80AC67092BFB5DAC004D227D /* utils */ = {
			isa = PBXGroup;
			children = (
				80AC670B2BFB5DC1004D227D /* AnonAddyUtils.swift */,
			);
			path = utils;
			sourceTree = "<group>";
		};
		80BB84162BF00AAF005999C3 /* styles */ = {
			isa = PBXGroup;
			children = (
				80BB84172BF00ABF005999C3 /* MyAliasLabelStyle.swift */,
			);
			path = styles;
			sourceTree = "<group>";
		};
		80CEC3462C01354700EC651F /* manage */ = {
			isa = PBXGroup;
			children = (
				80E512502C04EA5700B7537E /* AddRecipientPublicGpgKeyBottomSheet.swift */,
				80CEC3442C01354300EC651F /* RecipientsDetailView.swift */,
			);
			path = manage;
			sourceTree = "<group>";
		};
		80D4F2D92C17083A00D313EC /* appsettings */ = {
			isa = PBXGroup;
			children = (
				80D4F2DA2C17084E00D313EC /* AppSettingsView.swift */,
				807DB4822C1764620051DD8A /* AppearanceBottomSheet.swift */,
			);
			path = appsettings;
			sourceTree = "<group>";
		};
		80D82DC32BE95BAF009440DC /* AddyLoadingButton */ = {
			isa = PBXGroup;
			children = (
				80D82DC12BE95BAF009440DC /* AddyLoadingButton.swift */,
				80D82DC22BE95BAF009440DC /* AddyLoadingButtonStyle.swift */,
			);
			path = AddyLoadingButton;
			sourceTree = "<group>";
		};
		80DB9DB02C0DC678002B6486 /* domains */ = {
			isa = PBXGroup;
			children = (
				80DB9DB42C0DCC96002B6486 /* manage */,
				80813B612C0DE1DA009C4E6A /* DomainsView.swift */,
				80813B6B2C0DE288009C4E6A /* AddDomainBottomSheet.swift */,
			);
			path = domains;
			sourceTree = "<group>";
		};
		80DB9DB42C0DCC96002B6486 /* manage */ = {
			isa = PBXGroup;
			children = (
				80813B652C0DE21A009C4E6A /* EditDomainDescriptionBottomSheet.swift */,
				80813B672C0DE234009C4E6A /* EditDomainFromNameBottomSheet.swift */,
				80813B632C0DE1FF009C4E6A /* DomainsDetailView.swift */,
				80813B692C0DE24C009C4E6A /* EditDomainRecipientsBottomSheet.swift */,
			);
			path = manage;
			sourceTree = "<group>";
		};
		80DCF3A02BF117680022690F /* service */ = {
			isa = PBXGroup;
			children = (
				80DCF3A12BF117720022690F /* AliasWatcher.swift */,
			);
			path = service;
			sourceTree = "<group>";
		};
		80DCF3A32BF118900022690F /* helpers */ = {
			isa = PBXGroup;
			children = (
				80E9B2392C0B9D8600C7EF99 /* GsonTools.swift */,
				80DCF3AB2BF12E760022690F /* BackgroundWorkerHelper.swift */,
			);
			path = helpers;
			sourceTree = "<group>";
		};
		80DCF3A82BF12DEA0022690F /* notification */ = {
			isa = PBXGroup;
			children = (
				80DCF3A92BF12DF00022690F /* NotificationHelper.swift */,
			);
			path = notification;
			sourceTree = "<group>";
		};
		80E082652BF7D9DC00B51FB8 /* manage */ = {
			isa = PBXGroup;
			children = (
				80AC67072BFB586A004D227D /* EditAliasSendMailRecipientBottomSheet.swift */,
				80DCF3AF2BF137610022690F /* EditAliasDescriptionBottomSheet.swift */,
				80E194692BF8C840005175EA /* EditAliasFromNameBottomSheet.swift */,
				80E194622BF8A9BB005175EA /* EditAliasRecipientsBottomSheet.swift */,
				80E84A2E2BEC119500C8D68A /* AliasDetailView.swift */,
			);
			path = manage;
			sourceTree = "<group>";
		};
		80E849992BEB73CE00C8D68A /* mainview */ = {
			isa = PBXGroup;
			children = (
				806D5F2B2BE94C3F00C5C109 /* customviews */,
				80E849B12BEBA81B00C8D68A /* recipients */,
				80E8499D2BEB801600C8D68A /* aliases */,
				80E8499C2BEB801100C8D68A /* home */,
				80E8499A2BEB73D900C8D68A /* MainView.swift */,
				80D306012C079DF800C801EE /* ProfileBottomSheet.swift */,
			);
			path = mainview;
			sourceTree = "<group>";
		};
		80E8499C2BEB801100C8D68A /* home */ = {
			isa = PBXGroup;
			children = (
				80E8499E2BEB802D00C8D68A /* HomeView.swift */,
			);
			path = home;
			sourceTree = "<group>";
		};
		80E8499D2BEB801600C8D68A /* aliases */ = {
			isa = PBXGroup;
			children = (
				80F3C6632BFB6E6D0028A486 /* AddAliasBottomSheet.swift */,
				80E082652BF7D9DC00B51FB8 /* manage */,
				80E849A02BEB803400C8D68A /* AliasesView.swift */,
				80E082682BF7DA8100B51FB8 /* FilterOptionsAliasBottomSheet.swift */,
				80A7F2062BECFA5B001A984B /* AliasRowView.swift */,
			);
			path = aliases;
			sourceTree = "<group>";
		};
		80E849B12BEBA81B00C8D68A /* recipients */ = {
			isa = PBXGroup;
			children = (
				80CEC3462C01354700EC651F /* manage */,
				80E849B22BEBA82A00C8D68A /* RecipientsView.swift */,
				807E06842C04F290002A3D01 /* AddRecipientBottomSheet.swift */,
			);
			path = recipients;
			sourceTree = "<group>";
		};
		80E9B2282C0B238900C7EF99 /* manage */ = {
			isa = PBXGroup;
			children = (
				80E9B2372C0B80AF00C7EF99 /* EditUsernameRecipientsBottomSheet.swift */,
				80E9B2352C0B7E5C00C7EF99 /* EditUsernameFromNameBottomSheet.swift */,
				80E9B2332C0B7D2D00C7EF99 /* EditUsernameDescriptionBottomSheet.swift */,
				80E9B2272C0B238900C7EF99 /* UsernamesDetailView.swift */,
			);
			path = manage;
			sourceTree = "<group>";
		};
		80E9B22B2C0B238900C7EF99 /* usernames */ = {
			isa = PBXGroup;
			children = (
				80E9B2282C0B238900C7EF99 /* manage */,
				80E9B2292C0B238900C7EF99 /* AddUsernameBottomSheet.swift */,
				80E9B22A2C0B238900C7EF99 /* UsernamesView.swift */,
			);
			path = usernames;
			sourceTree = "<group>";
		};
		80F22F352BEE34E1001176B4 /* dependencies */ = {
			isa = PBXGroup;
			children = (
				80F22F7E2BEE34EE001176B4 /* SwiftUICharts */,
			);
			path = dependencies;
			sourceTree = "<group>";
		};
		80F22F372BEE34EE001176B4 /* Extension */ = {
			isa = PBXGroup;
			children = (
				80F22F362BEE34EE001176B4 /* AxisLabels+Extension.swift */,
			);
			path = Extension;
			sourceTree = "<group>";
		};
		80F22F3B2BEE34EE001176B4 /* Model */ = {
			isa = PBXGroup;
			children = (
				80F22F382BEE34EE001176B4 /* AxisLabelsPosition.swift */,
				80F22F392BEE34EE001176B4 /* AxisLabelsStyle.swift */,
				80F22F3A2BEE34EE001176B4 /* AxisLablesData.swift */,
			);
			path = Model;
			sourceTree = "<group>";
		};
		80F22F3D2BEE34EE001176B4 /* Axis */ = {
			isa = PBXGroup;
			children = (
				80F22F372BEE34EE001176B4 /* Extension */,
				80F22F3B2BEE34EE001176B4 /* Model */,
				80F22F3C2BEE34EE001176B4 /* AxisLabels.swift */,
			);
			path = Axis;
			sourceTree = "<group>";
		};
		80F22F432BEE34EE001176B4 /* Chart */ = {
			isa = PBXGroup;
			children = (
				80F22F402BEE34EE001176B4 /* ChartBase.swift */,
				80F22F412BEE34EE001176B4 /* ChartData.swift */,
				80F22F422BEE34EE001176B4 /* ChartValue.swift */,
			);
			path = Chart;
			sourceTree = "<group>";
		};
		80F22F472BEE34EE001176B4 /* Common */ = {
			isa = PBXGroup;
			children = (
				80F22F442BEE34EE001176B4 /* ViewGeometry.swift */,
				80F22F452BEE34EE001176B4 /* ViewPreferenceKey.swift */,
				80F22F462BEE34EE001176B4 /* ViewSizeData.swift */,
			);
			path = Common;
			sourceTree = "<group>";
		};
		80F22F512BEE34EE001176B4 /* Extensions */ = {
			isa = PBXGroup;
			children = (
				80F22F482BEE34EE001176B4 /* Array+Extension.swift */,
				80F22F492BEE34EE001176B4 /* CGPoint+Extension.swift */,
				80F22F4A2BEE34EE001176B4 /* CGRect+Extension.swift */,
				80F22F4B2BEE34EE001176B4 /* ChartBase+Extension.swift */,
				80F22F4C2BEE34EE001176B4 /* Color+Extension.swift */,
				80F22F4D2BEE34EE001176B4 /* Path+QuadCurve.swift */,
				80F22F4E2BEE34EE001176B4 /* Range+Extension.swift */,
				80F22F4F2BEE34EE001176B4 /* Shape+Extension.swift */,
				80F22F502BEE34EE001176B4 /* View+Extension.swift */,
			);
			path = Extensions;
			sourceTree = "<group>";
		};
		80F22F532BEE34EE001176B4 /* Extension */ = {
			isa = PBXGroup;
			children = (
				80F22F522BEE34EE001176B4 /* Grid+Extension.swift */,
			);
			path = Extension;
			sourceTree = "<group>";
		};
		80F22F552BEE34EE001176B4 /* Model */ = {
			isa = PBXGroup;
			children = (
				80F22F542BEE34EE001176B4 /* GridOptions.swift */,
			);
			path = Model;
			sourceTree = "<group>";
		};
		80F22F592BEE34EE001176B4 /* Grid */ = {
			isa = PBXGroup;
			children = (
				80F22F532BEE34EE001176B4 /* Extension */,
				80F22F552BEE34EE001176B4 /* Model */,
				80F22F562BEE34EE001176B4 /* ChartGrid.swift */,
				80F22F572BEE34EE001176B4 /* ChartGridBaseShape.swift */,
				80F22F582BEE34EE001176B4 /* ChartGridShape.swift */,
			);
			path = Grid;
			sourceTree = "<group>";
		};
		80F22F5B2BEE34EE001176B4 /* Label */ = {
			isa = PBXGroup;
			children = (
				80F22F5A2BEE34EE001176B4 /* ChartLabel.swift */,
			);
			path = Label;
			sourceTree = "<group>";
		};
		80F22F5F2BEE34EE001176B4 /* Style */ = {
			isa = PBXGroup;
			children = (
				80F22F5C2BEE34EE001176B4 /* ChartStyle.swift */,
				80F22F5D2BEE34EE001176B4 /* ColorGradient.swift */,
				80F22F5E2BEE34EE001176B4 /* Colors.swift */,
			);
			path = Style;
			sourceTree = "<group>";
		};
		80F22F602BEE34EE001176B4 /* Base */ = {
			isa = PBXGroup;
			children = (
				80F22F3D2BEE34EE001176B4 /* Axis */,
				80F22F432BEE34EE001176B4 /* Chart */,
				80F22F472BEE34EE001176B4 /* Common */,
				80F22F512BEE34EE001176B4 /* Extensions */,
				80F22F592BEE34EE001176B4 /* Grid */,
				80F22F5B2BEE34EE001176B4 /* Label */,
				80F22F5F2BEE34EE001176B4 /* Style */,
			);
			path = Base;
			sourceTree = "<group>";
		};
		80F22F652BEE34EE001176B4 /* BarChart */ = {
			isa = PBXGroup;
			children = (
				80F22F612BEE34EE001176B4 /* BarChart.swift */,
				80F22F622BEE34EE001176B4 /* BarChartCell.swift */,
				80F22F632BEE34EE001176B4 /* BarChartCellShape.swift */,
				80F22F642BEE34EE001176B4 /* BarChartRow.swift */,
			);
			path = BarChart;
			sourceTree = "<group>";
		};
		80F22F672BEE34EE001176B4 /* Extension */ = {
			isa = PBXGroup;
			children = (
				80F22F662BEE34EE001176B4 /* LineChart+Extension.swift */,
			);
			path = Extension;
			sourceTree = "<group>";
		};
		80F22F6A2BEE34EE001176B4 /* Model */ = {
			isa = PBXGroup;
			children = (
				80F22F682BEE34EE001176B4 /* LineChartProperties.swift */,
				80F22F692BEE34EE001176B4 /* LineStyle.swift */,
			);
			path = Model;
			sourceTree = "<group>";
		};
		80F22F732BEE34EE001176B4 /* LineChart */ = {
			isa = PBXGroup;
			children = (
				80F22F672BEE34EE001176B4 /* Extension */,
				80F22F6A2BEE34EE001176B4 /* Model */,
				80F22F6B2BEE34EE001176B4 /* IndicatorPoint.swift */,
				80F22F6C2BEE34EE001176B4 /* Line.swift */,
				80F22F6D2BEE34EE001176B4 /* LineBackgroundShape.swift */,
				80F22F6E2BEE34EE001176B4 /* LineBackgroundShapeView.swift */,
				80F22F6F2BEE34EE001176B4 /* LineChart.swift */,
				80F22F702BEE34EE001176B4 /* LineShape.swift */,
				80F22F712BEE34EE001176B4 /* LineShapeView.swift */,
				80F22F722BEE34EE001176B4 /* MarkerShape.swift */,
			);
			path = LineChart;
			sourceTree = "<group>";
		};
		80F22F782BEE34EE001176B4 /* PieChart */ = {
			isa = PBXGroup;
			children = (
				80F22F742BEE34EE001176B4 /* PieChart.swift */,
				80F22F752BEE34EE001176B4 /* PieChartCell.swift */,
				80F22F762BEE34EE001176B4 /* PieChartHelpers.swift */,
				80F22F772BEE34EE001176B4 /* PieChartRow.swift */,
			);
			path = PieChart;
			sourceTree = "<group>";
		};
		80F22F7C2BEE34EE001176B4 /* RingsChart */ = {
			isa = PBXGroup;
			children = (
				80F22F792BEE34EE001176B4 /* Ring.swift */,
				80F22F7A2BEE34EE001176B4 /* RingsChart.swift */,
				80F22F7B2BEE34EE001176B4 /* RingsChartRow.swift */,
			);
			path = RingsChart;
			sourceTree = "<group>";
		};
		80F22F7D2BEE34EE001176B4 /* Charts */ = {
			isa = PBXGroup;
			children = (
				80F22F652BEE34EE001176B4 /* BarChart */,
				80F22F732BEE34EE001176B4 /* LineChart */,
				80F22F782BEE34EE001176B4 /* PieChart */,
				80F22F7C2BEE34EE001176B4 /* RingsChart */,
			);
			path = Charts;
			sourceTree = "<group>";
		};
		80F22F7E2BEE34EE001176B4 /* SwiftUICharts */ = {
			isa = PBXGroup;
			children = (
				80F22F602BEE34EE001176B4 /* Base */,
				80F22F7D2BEE34EE001176B4 /* Charts */,
			);
			path = SwiftUICharts;
			sourceTree = "<group>";
		};
/* End PBXGroup section */

/* Begin PBXNativeTarget section */
		806F212E2BE8F1B100EBEBC8 /* addy */ = {
			isa = PBXNativeTarget;
			buildConfigurationList = 806F213F2BE8F1B200EBEBC8 /* Build configuration list for PBXNativeTarget "addy" */;
			buildPhases = (
				806F212B2BE8F1B100EBEBC8 /* Sources */,
				806F212C2BE8F1B100EBEBC8 /* Frameworks */,
				806F212D2BE8F1B100EBEBC8 /* Resources */,
				8001DA032BEA516000AAD10E /* Embed Frameworks */,
			);
			buildRules = (
			);
			dependencies = (
			);
			name = addy;
			packageProductDependencies = (
				801B92A12BE905BB00179EB5 /* Lottie */,
				8001D9D12BEA1E3600AAD10E /* CodeScanner */,
				80E0827A2BF7F03C00B51FB8 /* WrappingHStack */,
			);
			productName = addy;
			productReference = 806F212F2BE8F1B100EBEBC8 /* addy.app */;
			productType = "com.apple.product-type.application";
		};
/* End PBXNativeTarget section */

/* Begin PBXProject section */
		806F21272BE8F1B100EBEBC8 /* Project object */ = {
			isa = PBXProject;
			attributes = {
				BuildIndependentTargetsInParallel = 1;
				LastSwiftUpdateCheck = 1530;
				LastUpgradeCheck = 1530;
				TargetAttributes = {
					806F212E2BE8F1B100EBEBC8 = {
						CreatedOnToolsVersion = 15.3;
					};
				};
			};
			buildConfigurationList = 806F212A2BE8F1B100EBEBC8 /* Build configuration list for PBXProject "addy" */;
			compatibilityVersion = "Xcode 14.0";
			developmentRegion = en;
			hasScannedForEncodings = 0;
			knownRegions = (
				en,
				Base,
			);
			mainGroup = 806F21262BE8F1B100EBEBC8;
			packageReferences = (
				801B92A02BE905BB00179EB5 /* XCRemoteSwiftPackageReference "lottie-spm" */,
				8001D9D02BEA1E3600AAD10E /* XCRemoteSwiftPackageReference "CodeScanner" */,
				80E082792BF7F03C00B51FB8 /* XCRemoteSwiftPackageReference "WrappingHStack" */,
			);
			productRefGroup = 806F21302BE8F1B100EBEBC8 /* Products */;
			projectDirPath = "";
			projectReferences = (
				{
					ProductGroup = 8001D9FB2BEA513500AAD10E /* Products */;
					ProjectRef = 8001D9FA2BEA513500AAD10E /* addy_shared.xcodeproj */;
				},
			);
			projectRoot = "";
			targets = (
				806F212E2BE8F1B100EBEBC8 /* addy */,
			);
		};
/* End PBXProject section */

/* Begin PBXReferenceProxy section */
		8001D9FF2BEA513500AAD10E /* addy_shared.framework */ = {
			isa = PBXReferenceProxy;
			fileType = wrapper.framework;
			path = addy_shared.framework;
			remoteRef = 8001D9FE2BEA513500AAD10E /* PBXContainerItemProxy */;
			sourceTree = BUILT_PRODUCTS_DIR;
		};
/* End PBXReferenceProxy section */

/* Begin PBXResourcesBuildPhase section */
		806F212D2BE8F1B100EBEBC8 /* Resources */ = {
			isa = PBXResourcesBuildPhase;
			buildActionMask = 2147483647;
			files = (
				801B929F2BE8FF6800179EB5 /* Launch Screen.storyboard in Resources */,
				806D5F252BE925C600C5C109 /* ic_loading_logo.shapeshifter.json in Resources */,
				806F213C2BE8F1B200EBEBC8 /* Preview Assets.xcassets in Resources */,
				801B92A42BE90ACA00179EB5 /* Localizable.xcstrings in Resources */,
				806F21392BE8F1B200EBEBC8 /* Assets.xcassets in Resources */,
				80E849B02BEBA66100C8D68A /* ic_loading_logo_error.shapeshifter.json in Resources */,
				80F0D7E72BF0EDF000D21194 /* gray_ic_loading_logo.shapeshifter.json in Resources */,
			);
			runOnlyForDeploymentPostprocessing = 0;
		};
/* End PBXResourcesBuildPhase section */

/* Begin PBXSourcesBuildPhase section */
		806F212B2BE8F1B100EBEBC8 /* Sources */ = {
			isa = PBXSourcesBuildPhase;
			buildActionMask = 2147483647;
			files = (
				80F22F882BEE34EE001176B4 /* ViewGeometry.swift in Sources */,
				804BE7A62BE95715001DDC8A /* SetupOnboarding.swift in Sources */,
				807E06852C04F290002A3D01 /* AddRecipientBottomSheet.swift in Sources */,
				80F22F862BEE34EE001176B4 /* ChartData.swift in Sources */,
				80813B6C2C0DE288009C4E6A /* AddDomainBottomSheet.swift in Sources */,
				80E9B22C2C0B238900C7EF99 /* UsernamesDetailView.swift in Sources */,
				80F22F982BEE34EE001176B4 /* ChartGridShape.swift in Sources */,
				80F3C6642BFB6E6D0028A486 /* AddAliasBottomSheet.swift in Sources */,
				80F22F992BEE34EE001176B4 /* ChartLabel.swift in Sources */,
				80DCF3AA2BF12DF00022690F /* NotificationHelper.swift in Sources */,
				80DCF3B02BF137610022690F /* EditAliasDescriptionBottomSheet.swift in Sources */,
				80E8499B2BEB73D900C8D68A /* MainView.swift in Sources */,
				80DCF3A22BF117720022690F /* AliasWatcher.swift in Sources */,
				80F22F8A2BEE34EE001176B4 /* ViewSizeData.swift in Sources */,
				80E082692BF7DA8200B51FB8 /* FilterOptionsAliasBottomSheet.swift in Sources */,
				80813B752C0DF592009C4E6A /* FailedDeliveryBottomSheet.swift in Sources */,
				80F22FAC2BEE34EE001176B4 /* PieChart.swift in Sources */,
				80F22F7F2BEE34EE001176B4 /* AxisLabels+Extension.swift in Sources */,
				80AC67082BFB586A004D227D /* EditAliasSendMailRecipientBottomSheet.swift in Sources */,
				80F22F912BEE34EE001176B4 /* Range+Extension.swift in Sources */,
				80F22F822BEE34EE001176B4 /* AxisLablesData.swift in Sources */,
				80F22F952BEE34EE001176B4 /* GridOptions.swift in Sources */,
				80477DE02C1222AE00E52AF8 /* RulesViewModel.swift in Sources */,
				80E8499F2BEB802D00C8D68A /* HomeView.swift in Sources */,
				80477DE52C12261300E52AF8 /* CreateRulesView.swift in Sources */,
				80E9B2302C0B63FA00C7EF99 /* UsernamesViewModel.swift in Sources */,
				80F22FAA2BEE34EE001176B4 /* LineShapeView.swift in Sources */,
				804BE7AA2BE95B49001DDC8A /* AddyButton.swift in Sources */,
				8062CFE22C149DCA00EFFB4C /* ConditionBottomSheet.swift in Sources */,
				80F22FA62BEE34EE001176B4 /* LineBackgroundShape.swift in Sources */,
				80F22FAD2BEE34EE001176B4 /* PieChartCell.swift in Sources */,
				80BB84182BF00ABF005999C3 /* MyAliasLabelStyle.swift in Sources */,
				80F22FAE2BEE34EE001176B4 /* PieChartHelpers.swift in Sources */,
				80813B682C0DE234009C4E6A /* EditDomainFromNameBottomSheet.swift in Sources */,
				80F22F9B2BEE34EE001176B4 /* ColorGradient.swift in Sources */,
				80DCF3AC2BF12E760022690F /* BackgroundWorkerHelper.swift in Sources */,
				807338002BEA7D3500D0D7E0 /* ValidatingFieldModel.swift in Sources */,
				80F22F9C2BEE34EE001176B4 /* Colors.swift in Sources */,
				80F22FA92BEE34EE001176B4 /* LineShape.swift in Sources */,
				80813B662C0DE21A009C4E6A /* EditDomainDescriptionBottomSheet.swift in Sources */,
				80F22F972BEE34EE001176B4 /* ChartGridBaseShape.swift in Sources */,
				80E9B23A2C0B9D8600C7EF99 /* GsonTools.swift in Sources */,
				80F22F9E2BEE34EE001176B4 /* BarChartCell.swift in Sources */,
				80E1946E2BF8DCE0005175EA /* AddySectionButton.swift in Sources */,
				80F22F892BEE34EE001176B4 /* ViewPreferenceKey.swift in Sources */,
				80F22FAB2BEE34EE001176B4 /* MarkerShape.swift in Sources */,
				80F22FA42BEE34EE001176B4 /* IndicatorPoint.swift in Sources */,
				80F22F922BEE34EE001176B4 /* Shape+Extension.swift in Sources */,
				80D306022C079DF800C801EE /* ProfileBottomSheet.swift in Sources */,
				80E194632BF8A9BB005175EA /* EditAliasRecipientsBottomSheet.swift in Sources */,
				80F22F9A2BEE34EE001176B4 /* ChartStyle.swift in Sources */,
				80E849A12BEB803400C8D68A /* AliasesView.swift in Sources */,
				80D82DC42BE95BAF009440DC /* AddyLoadingButton.swift in Sources */,
				80D82DC52BE95BAF009440DC /* AddyLoadingButtonStyle.swift in Sources */,
				80DCF39F2BF1095B0022690F /* AddyToggle.swift in Sources */,
				80F22F9F2BEE34EE001176B4 /* BarChartCellShape.swift in Sources */,
				80E849B32BEBA82A00C8D68A /* RecipientsView.swift in Sources */,
				80F22FB22BEE34EE001176B4 /* RingsChartRow.swift in Sources */,
				80F22F8D2BEE34EE001176B4 /* CGRect+Extension.swift in Sources */,
				80813B622C0DE1DA009C4E6A /* DomainsView.swift in Sources */,
				80F22F932BEE34EE001176B4 /* View+Extension.swift in Sources */,
				80F22FA82BEE34EE001176B4 /* LineChart.swift in Sources */,
				80E082642BF7D36700B51FB8 /* AddyBugFound.swift in Sources */,
				80A7F2072BECFA5B001A984B /* AliasRowView.swift in Sources */,
				80F22FA32BEE34EE001176B4 /* LineStyle.swift in Sources */,
				80E9B2342C0B7D2D00C7EF99 /* EditUsernameDescriptionBottomSheet.swift in Sources */,
				80F22F962BEE34EE001176B4 /* ChartGrid.swift in Sources */,
				80F22F812BEE34EE001176B4 /* AxisLabelsStyle.swift in Sources */,
				80DCF3AE2BF1347F0022690F /* AddySection.swift in Sources */,
				80F22F8B2BEE34EE001176B4 /* Array+Extension.swift in Sources */,
				80E9B2362C0B7E5C00C7EF99 /* EditUsernameFromNameBottomSheet.swift in Sources */,
				80F22F942BEE34EE001176B4 /* Grid+Extension.swift in Sources */,
				80A7F2052BECD840001A984B /* AliasesViewModel.swift in Sources */,
				80E194652BF8AE0C005175EA /* AddyMultiSelectChipView.swift in Sources */,
				80F22FAF2BEE34EE001176B4 /* PieChartRow.swift in Sources */,
				80F22FA22BEE34EE001176B4 /* LineChartProperties.swift in Sources */,
				80F22FB02BEE34EE001176B4 /* Ring.swift in Sources */,
				80477DDE2C12225D00E52AF8 /* RulesView.swift in Sources */,
				804BE7AB2BE95B49001DDC8A /* AddyButtonStyle.swift in Sources */,
				80AC670C2BFB5DC1004D227D /* AnonAddyUtils.swift in Sources */,
				80F22F802BEE34EE001176B4 /* AxisLabelsPosition.swift in Sources */,
				80E9B2382C0B80AF00C7EF99 /* EditUsernameRecipientsBottomSheet.swift in Sources */,
				80813B6E2C0DF23B009C4E6A /* FailedDeliveriesView.swift in Sources */,
				80F22FA02BEE34EE001176B4 /* BarChartRow.swift in Sources */,
				80E84A2F2BEC119500C8D68A /* AliasDetailView.swift in Sources */,
				80CEC3452C01354300EC651F /* RecipientsDetailView.swift in Sources */,
				80DB9DB32C0DC7F2002B6486 /* DomainsViewModel.swift in Sources */,
				80D8C7A62BF3D4E700933ED8 /* AddyRoundedChipView.swift in Sources */,
				805AFF772C08F52000B9E573 /* UnsupportedBottomSheet.swift in Sources */,
				80F22F8F2BEE34EE001176B4 /* Color+Extension.swift in Sources */,
				80E512512C04EA5700B7537E /* AddRecipientPublicGpgKeyBottomSheet.swift in Sources */,
				80813B642C0DE1FF009C4E6A /* DomainsDetailView.swift in Sources */,
				80E9B22D2C0B238900C7EF99 /* AddUsernameBottomSheet.swift in Sources */,
				80F22FA72BEE34EE001176B4 /* LineBackgroundShapeView.swift in Sources */,
				806F21352BE8F1B100EBEBC8 /* SplashView.swift in Sources */,
				80E082672BF7DA2B00B51FB8 /* AddApiBottomSheet.swift in Sources */,
				807338032BEA81FC00D0D7E0 /* ValidatingTextField.swift in Sources */,
				80E9B22E2C0B238900C7EF99 /* UsernamesView.swift in Sources */,
				806F21332BE8F1B100EBEBC8 /* addyApp.swift in Sources */,
				80F22F902BEE34EE001176B4 /* Path+QuadCurve.swift in Sources */,
				80F22F9D2BEE34EE001176B4 /* BarChart.swift in Sources */,
				80F22F832BEE34EE001176B4 /* AxisLabels.swift in Sources */,
				80CEC33E2C012E7600EC651F /* RecipientsViewModel.swift in Sources */,
				80F22F8E2BEE34EE001176B4 /* ChartBase+Extension.swift in Sources */,
				80F22FB12BEE34EE001176B4 /* RingsChart.swift in Sources */,
				80D4F2DB2C17084E00D313EC /* AppSettingsView.swift in Sources */,
				80813B6A2C0DE24C009C4E6A /* EditDomainRecipientsBottomSheet.swift in Sources */,
				80E1946A2BF8C840005175EA /* EditAliasFromNameBottomSheet.swift in Sources */,
				807DB4832C1764620051DD8A /* AppearanceBottomSheet.swift in Sources */,
				80F22FA52BEE34EE001176B4 /* Line.swift in Sources */,
				80F22F872BEE34EE001176B4 /* ChartValue.swift in Sources */,
				806D5F272BE92AB200C5C109 /* SetupView.swift in Sources */,
				80F22F8C2BEE34EE001176B4 /* CGPoint+Extension.swift in Sources */,
				80F22FA12BEE34EE001176B4 /* LineChart+Extension.swift in Sources */,
				80813B712C0DF2EF009C4E6A /* FailedDeliveriesViewModel.swift in Sources */,
				8062CFE02C1487B600EFFB4C /* ActionBottomSheet.swift in Sources */,
				80F22F852BEE34EE001176B4 /* ChartBase.swift in Sources */,
			);
			runOnlyForDeploymentPostprocessing = 0;
		};
/* End PBXSourcesBuildPhase section */

/* Begin XCBuildConfiguration section */
		806F213D2BE8F1B200EBEBC8 /* Debug */ = {
			isa = XCBuildConfiguration;
			buildSettings = {
				ALWAYS_SEARCH_USER_PATHS = NO;
				ASSETCATALOG_COMPILER_GENERATE_SWIFT_ASSET_SYMBOL_EXTENSIONS = YES;
				CLANG_ANALYZER_NONNULL = YES;
				CLANG_ANALYZER_NUMBER_OBJECT_CONVERSION = YES_AGGRESSIVE;
				CLANG_CXX_LANGUAGE_STANDARD = "gnu++20";
				CLANG_ENABLE_MODULES = YES;
				CLANG_ENABLE_OBJC_ARC = YES;
				CLANG_ENABLE_OBJC_WEAK = YES;
				CLANG_WARN_BLOCK_CAPTURE_AUTORELEASING = YES;
				CLANG_WARN_BOOL_CONVERSION = YES;
				CLANG_WARN_COMMA = YES;
				CLANG_WARN_CONSTANT_CONVERSION = YES;
				CLANG_WARN_DEPRECATED_OBJC_IMPLEMENTATIONS = YES;
				CLANG_WARN_DIRECT_OBJC_ISA_USAGE = YES_ERROR;
				CLANG_WARN_DOCUMENTATION_COMMENTS = YES;
				CLANG_WARN_EMPTY_BODY = YES;
				CLANG_WARN_ENUM_CONVERSION = YES;
				CLANG_WARN_INFINITE_RECURSION = YES;
				CLANG_WARN_INT_CONVERSION = YES;
				CLANG_WARN_NON_LITERAL_NULL_CONVERSION = YES;
				CLANG_WARN_OBJC_IMPLICIT_RETAIN_SELF = YES;
				CLANG_WARN_OBJC_LITERAL_CONVERSION = YES;
				CLANG_WARN_OBJC_ROOT_CLASS = YES_ERROR;
				CLANG_WARN_QUOTED_INCLUDE_IN_FRAMEWORK_HEADER = YES;
				CLANG_WARN_RANGE_LOOP_ANALYSIS = YES;
				CLANG_WARN_STRICT_PROTOTYPES = YES;
				CLANG_WARN_SUSPICIOUS_MOVE = YES;
				CLANG_WARN_UNGUARDED_AVAILABILITY = YES_AGGRESSIVE;
				CLANG_WARN_UNREACHABLE_CODE = YES;
				CLANG_WARN__DUPLICATE_METHOD_MATCH = YES;
				COPY_PHASE_STRIP = NO;
				DEBUG_INFORMATION_FORMAT = dwarf;
				ENABLE_STRICT_OBJC_MSGSEND = YES;
				ENABLE_TESTABILITY = YES;
				ENABLE_USER_SCRIPT_SANDBOXING = YES;
				GCC_C_LANGUAGE_STANDARD = gnu17;
				GCC_DYNAMIC_NO_PIC = NO;
				GCC_NO_COMMON_BLOCKS = YES;
				GCC_OPTIMIZATION_LEVEL = 0;
				GCC_PREPROCESSOR_DEFINITIONS = (
					"DEBUG=1",
					"$(inherited)",
				);
				GCC_WARN_64_TO_32_BIT_CONVERSION = YES;
				GCC_WARN_ABOUT_RETURN_TYPE = YES_ERROR;
				GCC_WARN_UNDECLARED_SELECTOR = YES;
				GCC_WARN_UNINITIALIZED_AUTOS = YES_AGGRESSIVE;
				GCC_WARN_UNUSED_FUNCTION = YES;
				GCC_WARN_UNUSED_VARIABLE = YES;
				IPHONEOS_DEPLOYMENT_TARGET = 17.4;
				LOCALIZATION_PREFERS_STRING_CATALOGS = YES;
				MTL_ENABLE_DEBUG_INFO = INCLUDE_SOURCE;
				MTL_FAST_MATH = YES;
				ONLY_ACTIVE_ARCH = YES;
				SDKROOT = iphoneos;
				SWIFT_ACTIVE_COMPILATION_CONDITIONS = "DEBUG $(inherited)";
				SWIFT_OPTIMIZATION_LEVEL = "-Onone";
				SWIFT_VERSION = 6.0;
			};
			name = Debug;
		};
		806F213E2BE8F1B200EBEBC8 /* Release */ = {
			isa = XCBuildConfiguration;
			buildSettings = {
				ALWAYS_SEARCH_USER_PATHS = NO;
				ASSETCATALOG_COMPILER_GENERATE_SWIFT_ASSET_SYMBOL_EXTENSIONS = YES;
				CLANG_ANALYZER_NONNULL = YES;
				CLANG_ANALYZER_NUMBER_OBJECT_CONVERSION = YES_AGGRESSIVE;
				CLANG_CXX_LANGUAGE_STANDARD = "gnu++20";
				CLANG_ENABLE_MODULES = YES;
				CLANG_ENABLE_OBJC_ARC = YES;
				CLANG_ENABLE_OBJC_WEAK = YES;
				CLANG_WARN_BLOCK_CAPTURE_AUTORELEASING = YES;
				CLANG_WARN_BOOL_CONVERSION = YES;
				CLANG_WARN_COMMA = YES;
				CLANG_WARN_CONSTANT_CONVERSION = YES;
				CLANG_WARN_DEPRECATED_OBJC_IMPLEMENTATIONS = YES;
				CLANG_WARN_DIRECT_OBJC_ISA_USAGE = YES_ERROR;
				CLANG_WARN_DOCUMENTATION_COMMENTS = YES;
				CLANG_WARN_EMPTY_BODY = YES;
				CLANG_WARN_ENUM_CONVERSION = YES;
				CLANG_WARN_INFINITE_RECURSION = YES;
				CLANG_WARN_INT_CONVERSION = YES;
				CLANG_WARN_NON_LITERAL_NULL_CONVERSION = YES;
				CLANG_WARN_OBJC_IMPLICIT_RETAIN_SELF = YES;
				CLANG_WARN_OBJC_LITERAL_CONVERSION = YES;
				CLANG_WARN_OBJC_ROOT_CLASS = YES_ERROR;
				CLANG_WARN_QUOTED_INCLUDE_IN_FRAMEWORK_HEADER = YES;
				CLANG_WARN_RANGE_LOOP_ANALYSIS = YES;
				CLANG_WARN_STRICT_PROTOTYPES = YES;
				CLANG_WARN_SUSPICIOUS_MOVE = YES;
				CLANG_WARN_UNGUARDED_AVAILABILITY = YES_AGGRESSIVE;
				CLANG_WARN_UNREACHABLE_CODE = YES;
				CLANG_WARN__DUPLICATE_METHOD_MATCH = YES;
				COPY_PHASE_STRIP = NO;
				DEBUG_INFORMATION_FORMAT = "dwarf-with-dsym";
				ENABLE_NS_ASSERTIONS = NO;
				ENABLE_STRICT_OBJC_MSGSEND = YES;
				ENABLE_USER_SCRIPT_SANDBOXING = YES;
				GCC_C_LANGUAGE_STANDARD = gnu17;
				GCC_NO_COMMON_BLOCKS = YES;
				GCC_WARN_64_TO_32_BIT_CONVERSION = YES;
				GCC_WARN_ABOUT_RETURN_TYPE = YES_ERROR;
				GCC_WARN_UNDECLARED_SELECTOR = YES;
				GCC_WARN_UNINITIALIZED_AUTOS = YES_AGGRESSIVE;
				GCC_WARN_UNUSED_FUNCTION = YES;
				GCC_WARN_UNUSED_VARIABLE = YES;
				IPHONEOS_DEPLOYMENT_TARGET = 17.4;
				LOCALIZATION_PREFERS_STRING_CATALOGS = YES;
				MTL_ENABLE_DEBUG_INFO = NO;
				MTL_FAST_MATH = YES;
				SDKROOT = iphoneos;
				SWIFT_COMPILATION_MODE = wholemodule;
				SWIFT_VERSION = 6.0;
				VALIDATE_PRODUCT = YES;
			};
			name = Release;
		};
		806F21402BE8F1B200EBEBC8 /* Debug */ = {
			isa = XCBuildConfiguration;
			buildSettings = {
				ASSETCATALOG_COMPILER_APPICON_NAME = AppIcon;
				ASSETCATALOG_COMPILER_GLOBAL_ACCENT_COLOR_NAME = AccentColor;
				ASSETCATALOG_COMPILER_INCLUDE_ALL_APPICON_ASSETS = YES;
				CODE_SIGN_STYLE = Automatic;
				CURRENT_PROJECT_VERSION = 1;
				DEVELOPMENT_ASSET_PATHS = "\"addy/Preview Content\"";
				DEVELOPMENT_TEAM = 68LAMW5ZY8;
				ENABLE_PREVIEWS = YES;
				GENERATE_INFOPLIST_FILE = YES;
				INFOPLIST_FILE = addy/Info.plist;
				INFOPLIST_KEY_CFBundleDisplayName = addy.io;
				INFOPLIST_KEY_LSApplicationCategoryType = "public.app-category.productivity";
				INFOPLIST_KEY_NSCameraUsageDescription = "Scan QR codes for settings up the app";
				INFOPLIST_KEY_NSFaceIDUsageDescription = "This permissions is required to protect the app using FaceID";
				INFOPLIST_KEY_UIApplicationSceneManifest_Generation = YES;
				INFOPLIST_KEY_UIApplicationSupportsIndirectInputEvents = YES;
				INFOPLIST_KEY_UILaunchScreen_Generation = YES;
				INFOPLIST_KEY_UILaunchStoryboardName = "Launch Screen.storyboard";
				INFOPLIST_KEY_UISupportedInterfaceOrientations = UIInterfaceOrientationPortrait;
				INFOPLIST_KEY_UISupportedInterfaceOrientations_iPad = "UIInterfaceOrientationLandscapeLeft UIInterfaceOrientationLandscapeRight UIInterfaceOrientationPortrait UIInterfaceOrientationPortraitUpsideDown";
				IPHONEOS_DEPLOYMENT_TARGET = 17.0;
				LD_RUNPATH_SEARCH_PATHS = (
					"$(inherited)",
					"@executable_path/Frameworks",
				);
				MARKETING_VERSION = 1.0;
				PRODUCT_BUNDLE_IDENTIFIER = host.stjin.addy;
				PRODUCT_NAME = "$(TARGET_NAME)";
				SWIFT_EMIT_LOC_STRINGS = YES;
				SWIFT_VERSION = 5.0;
				TARGETED_DEVICE_FAMILY = "1,2";
			};
			name = Debug;
		};
		806F21412BE8F1B200EBEBC8 /* Release */ = {
			isa = XCBuildConfiguration;
			buildSettings = {
				ASSETCATALOG_COMPILER_APPICON_NAME = AppIcon;
				ASSETCATALOG_COMPILER_GLOBAL_ACCENT_COLOR_NAME = AccentColor;
				ASSETCATALOG_COMPILER_INCLUDE_ALL_APPICON_ASSETS = YES;
				CODE_SIGN_STYLE = Automatic;
				CURRENT_PROJECT_VERSION = 1;
				DEVELOPMENT_ASSET_PATHS = "\"addy/Preview Content\"";
				DEVELOPMENT_TEAM = 68LAMW5ZY8;
				ENABLE_PREVIEWS = YES;
				GENERATE_INFOPLIST_FILE = YES;
				INFOPLIST_FILE = addy/Info.plist;
				INFOPLIST_KEY_CFBundleDisplayName = addy.io;
				INFOPLIST_KEY_LSApplicationCategoryType = "public.app-category.productivity";
				INFOPLIST_KEY_NSCameraUsageDescription = "Scan QR codes for settings up the app";
				INFOPLIST_KEY_NSFaceIDUsageDescription = "This permissions is required to protect the app using FaceID";
				INFOPLIST_KEY_UIApplicationSceneManifest_Generation = YES;
				INFOPLIST_KEY_UIApplicationSupportsIndirectInputEvents = YES;
				INFOPLIST_KEY_UILaunchScreen_Generation = YES;
				INFOPLIST_KEY_UILaunchStoryboardName = "Launch Screen.storyboard";
				INFOPLIST_KEY_UISupportedInterfaceOrientations = UIInterfaceOrientationPortrait;
				INFOPLIST_KEY_UISupportedInterfaceOrientations_iPad = "UIInterfaceOrientationLandscapeLeft UIInterfaceOrientationLandscapeRight UIInterfaceOrientationPortrait UIInterfaceOrientationPortraitUpsideDown";
				IPHONEOS_DEPLOYMENT_TARGET = 17.0;
				LD_RUNPATH_SEARCH_PATHS = (
					"$(inherited)",
					"@executable_path/Frameworks",
				);
				MARKETING_VERSION = 1.0;
				PRODUCT_BUNDLE_IDENTIFIER = host.stjin.addy;
				PRODUCT_NAME = "$(TARGET_NAME)";
				SWIFT_EMIT_LOC_STRINGS = YES;
				SWIFT_VERSION = 5.0;
				TARGETED_DEVICE_FAMILY = "1,2";
			};
			name = Release;
		};
/* End XCBuildConfiguration section */

/* Begin XCConfigurationList section */
		806F212A2BE8F1B100EBEBC8 /* Build configuration list for PBXProject "addy" */ = {
			isa = XCConfigurationList;
			buildConfigurations = (
				806F213D2BE8F1B200EBEBC8 /* Debug */,
				806F213E2BE8F1B200EBEBC8 /* Release */,
			);
			defaultConfigurationIsVisible = 0;
			defaultConfigurationName = Release;
		};
		806F213F2BE8F1B200EBEBC8 /* Build configuration list for PBXNativeTarget "addy" */ = {
			isa = XCConfigurationList;
			buildConfigurations = (
				806F21402BE8F1B200EBEBC8 /* Debug */,
				806F21412BE8F1B200EBEBC8 /* Release */,
			);
			defaultConfigurationIsVisible = 0;
			defaultConfigurationName = Release;
		};
/* End XCConfigurationList section */

/* Begin XCRemoteSwiftPackageReference section */
		8001D9D02BEA1E3600AAD10E /* XCRemoteSwiftPackageReference "CodeScanner" */ = {
			isa = XCRemoteSwiftPackageReference;
			repositoryURL = "https://github.com/twostraws/CodeScanner";
			requirement = {
				kind = upToNextMajorVersion;
				minimumVersion = 2.4.1;
			};
		};
		801B92A02BE905BB00179EB5 /* XCRemoteSwiftPackageReference "lottie-spm" */ = {
			isa = XCRemoteSwiftPackageReference;
			repositoryURL = "https://github.com/airbnb/lottie-spm.git";
			requirement = {
				kind = upToNextMajorVersion;
				minimumVersion = 4.4.3;
			};
		};
		80E082792BF7F03C00B51FB8 /* XCRemoteSwiftPackageReference "WrappingHStack" */ = {
			isa = XCRemoteSwiftPackageReference;
			repositoryURL = "https://github.com/ksemianov/WrappingHStack";
			requirement = {
				kind = upToNextMajorVersion;
				minimumVersion = 0.2.0;
			};
		};
/* End XCRemoteSwiftPackageReference section */

/* Begin XCSwiftPackageProductDependency section */
		8001D9D12BEA1E3600AAD10E /* CodeScanner */ = {
			isa = XCSwiftPackageProductDependency;
			package = 8001D9D02BEA1E3600AAD10E /* XCRemoteSwiftPackageReference "CodeScanner" */;
			productName = CodeScanner;
		};
		801B92A12BE905BB00179EB5 /* Lottie */ = {
			isa = XCSwiftPackageProductDependency;
			package = 801B92A02BE905BB00179EB5 /* XCRemoteSwiftPackageReference "lottie-spm" */;
			productName = Lottie;
		};
		80E0827A2BF7F03C00B51FB8 /* WrappingHStack */ = {
			isa = XCSwiftPackageProductDependency;
			package = 80E082792BF7F03C00B51FB8 /* XCRemoteSwiftPackageReference "WrappingHStack" */;
			productName = WrappingHStack;
		};
/* End XCSwiftPackageProductDependency section */
	};
	rootObject = 806F21272BE8F1B100EBEBC8 /* Project object */;
}
